// !$*UTF8*$!
{
	archiveVersion = 1;
	classes = {
	};
	objectVersion = 46;
	objects = {

/* Begin PBXBuildFile section */
		2B05E197159E3B22001FBE70 /* TwUI.framework in Frameworks */ = {isa = PBXBuildFile; fileRef = 2B05E180159E3AAE001FBE70 /* TwUI.framework */; };
		2B15BF69146127A100DC46CD /* Cocoa.framework in Frameworks */ = {isa = PBXBuildFile; fileRef = 2B15BF68146127A100DC46CD /* Cocoa.framework */; };
		2B15BF73146127A100DC46CD /* InfoPlist.strings in Resources */ = {isa = PBXBuildFile; fileRef = 2B15BF71146127A100DC46CD /* InfoPlist.strings */; };
		2B15BF75146127A100DC46CD /* main.m in Sources */ = {isa = PBXBuildFile; fileRef = 2B15BF74146127A100DC46CD /* main.m */; };
		2B15BF79146127A100DC46CD /* Credits.rtf in Resources */ = {isa = PBXBuildFile; fileRef = 2B15BF77146127A100DC46CD /* Credits.rtf */; };
		2B15BF7C146127A100DC46CD /* AppDelegate.m in Sources */ = {isa = PBXBuildFile; fileRef = 2B15BF7B146127A100DC46CD /* AppDelegate.m */; };
		2B15BF7F146127A100DC46CD /* MainMenu.xib in Resources */ = {isa = PBXBuildFile; fileRef = 2B15BF7D146127A100DC46CD /* MainMenu.xib */; };
		2B18CEBE15B4C10700265F61 /* TwUI.framework in Copy Files */ = {isa = PBXBuildFile; fileRef = 2B05E180159E3AAE001FBE70 /* TwUI.framework */; };
		2B1FEF6315D9C9BB003C4435 /* Window.m in Sources */ = {isa = PBXBuildFile; fileRef = 2B1FEF6215D9C9BB003C4435 /* Window.m */; };
		2B1FEF6B15DACD65003C4435 /* TitlebarViewNS.m in Sources */ = {isa = PBXBuildFile; fileRef = 2B1FEF6A15DACD64003C4435 /* TitlebarViewNS.m */; };
		2B466063147C4C6F0036B5AB /* MusicController.m in Sources */ = {isa = PBXBuildFile; fileRef = 2B466062147C4C6F0036B5AB /* MusicController.m */; };
		2B5086D11787AAFB0066B014 /* WindowContentView.m in Sources */ = {isa = PBXBuildFile; fileRef = 2B5086D01787AAFB0066B014 /* WindowContentView.m */; };
		2B5086DC1787CFD20066B014 /* PlaylistTrackCellView.m in Sources */ = {isa = PBXBuildFile; fileRef = 2B5086DB1787CFD20066B014 /* PlaylistTrackCellView.m */; };
		2B5086F51787ED430066B014 /* Rebel.framework in Frameworks */ = {isa = PBXBuildFile; fileRef = 2B5086EF1787ECEC0066B014 /* Rebel.framework */; };
		2B5086F61787ED4D0066B014 /* Rebel.framework in Copy Files */ = {isa = PBXBuildFile; fileRef = 2B5086EF1787ECEC0066B014 /* Rebel.framework */; };
		2B53558715D07A2B0054E61F /* Button.m in Sources */ = {isa = PBXBuildFile; fileRef = 2B53558515D0797D0054E61F /* Button.m */; };
		2B53558E15D1CECE0054E61F /* QuartzCore.framework in Frameworks */ = {isa = PBXBuildFile; fileRef = 2B53558C15D1CEA30054E61F /* QuartzCore.framework */; };
		2B5B33FE17763C140093C292 /* MASPreferencesWindow.xib in Resources */ = {isa = PBXBuildFile; fileRef = 2B5B33FB17763C140093C292 /* MASPreferencesWindow.xib */; };
		2B5B33FF17763C140093C292 /* MASPreferencesWindowController.m in Sources */ = {isa = PBXBuildFile; fileRef = 2B5B33FD17763C140093C292 /* MASPreferencesWindowController.m */; };
		2B5B340517763C9A0093C292 /* LibraryPreferenceViewController.m in Sources */ = {isa = PBXBuildFile; fileRef = 2B5B340317763C9A0093C292 /* LibraryPreferenceViewController.m */; };
		2B5B340617763C9A0093C292 /* LibraryPreferenceViewController.xib in Resources */ = {isa = PBXBuildFile; fileRef = 2B5B340417763C9A0093C292 /* LibraryPreferenceViewController.xib */; };
		2B5B340817768E830093C292 /* defaultPrefs.plist in Resources */ = {isa = PBXBuildFile; fileRef = 2B5B340717768E830093C292 /* defaultPrefs.plist */; };
		2B5DA9801620DF8E0057D0D5 /* TitlebarSeekButtonNS.m in Sources */ = {isa = PBXBuildFile; fileRef = 2B5DA9711620DDD10057D0D5 /* TitlebarSeekButtonNS.m */; };
		2B5DA983162758320057D0D5 /* SliderBar.m in Sources */ = {isa = PBXBuildFile; fileRef = 2B5DA982162758320057D0D5 /* SliderBar.m */; };
		2B65ED1B16C7447500DD327D /* CoreDataManager.m in Sources */ = {isa = PBXBuildFile; fileRef = 2B65ED1A16C7447500DD327D /* CoreDataManager.m */; };
		2B65ED1E16C8381900DD327D /* LibraryTrack.m in Sources */ = {isa = PBXBuildFile; fileRef = 2B65ED1D16C8381900DD327D /* LibraryTrack.m */; };
		2B65ED2516C8906900DD327D /* LibraryArtist.m in Sources */ = {isa = PBXBuildFile; fileRef = 2B65ED2416C8906800DD327D /* LibraryArtist.m */; };
		2B65ED2816C8907200DD327D /* LibraryAlbum.m in Sources */ = {isa = PBXBuildFile; fileRef = 2B65ED2716C8907100DD327D /* LibraryAlbum.m */; };
		2B72D79D16F163BC00324194 /* Lumberjack.framework in Frameworks */ = {isa = PBXBuildFile; fileRef = 2B72D79816F1638E00324194 /* Lumberjack.framework */; };
		2B72D79E16F163C800324194 /* Lumberjack.framework in Copy Files */ = {isa = PBXBuildFile; fileRef = 2B72D79816F1638E00324194 /* Lumberjack.framework */; };
		2B80D44116920167000F3392 /* CoreFoundation.framework in Frameworks */ = {isa = PBXBuildFile; fileRef = 2B80D44016920167000F3392 /* CoreFoundation.framework */; };
		2B80D44C16920204000F3392 /* libtag.1.11.0.dylib in Frameworks */ = {isa = PBXBuildFile; fileRef = 2BBB23D515BC731700169E80 /* libtag.1.11.0.dylib */; };
		2B80D44D16920215000F3392 /* libtag.1.11.0.dylib in Copy Files */ = {isa = PBXBuildFile; fileRef = 2BBB23D515BC731700169E80 /* libtag.1.11.0.dylib */; };
		2B824B4C15DAF02200B26228 /* TitlebarButtonNS.m in Sources */ = {isa = PBXBuildFile; fileRef = 2B824B4B15DAF02200B26228 /* TitlebarButtonNS.m */; };
		2B824B4E15E1BAF600B26228 /* CoreAudio.framework in Frameworks */ = {isa = PBXBuildFile; fileRef = 2B824B4D15E1BAF500B26228 /* CoreAudio.framework */; };
		2B82B25F1780EDB700E1EA0B /* LibraryCoreDataManager.m in Sources */ = {isa = PBXBuildFile; fileRef = 2B82B25E1780EDB700E1EA0B /* LibraryCoreDataManager.m */; };
		2B82B2621780F3E900E1EA0B /* PlaylistCoreDataManager.m in Sources */ = {isa = PBXBuildFile; fileRef = 2B82B2611780F3E900E1EA0B /* PlaylistCoreDataManager.m */; };
		2B82B272178114C400E1EA0B /* ManagedObjectTrack.m in Sources */ = {isa = PBXBuildFile; fileRef = 2B82B271178114C400E1EA0B /* ManagedObjectTrack.m */; };
		2B86BDC115216B740022E813 /* FIFOBuffer.m in Sources */ = {isa = PBXBuildFile; fileRef = 2B86BDC015216B740022E813 /* FIFOBuffer.m */; };
		2B8DB9361479FB7E006133CA /* PlaylistTrack.m in Sources */ = {isa = PBXBuildFile; fileRef = 2B8DB9351479FB7E006133CA /* PlaylistTrack.m */; };
		2B9DA4FA178A5AF10065DC44 /* PlaylistCellView.m in Sources */ = {isa = PBXBuildFile; fileRef = 2B9DA4F9178A5AF10065DC44 /* PlaylistCellView.m */; };
		2B9DA4FD1791E8C60065DC44 /* PlaylistTrackRowView.m in Sources */ = {isa = PBXBuildFile; fileRef = 2B9DA4FC1791E8C60065DC44 /* PlaylistTrackRowView.m */; };
		2B9DA5001791FE910065DC44 /* PlaylistRowView.m in Sources */ = {isa = PBXBuildFile; fileRef = 2B9DA4FF1791FE910065DC44 /* PlaylistRowView.m */; };
		2BA3129D14A3D78C0062E234 /* AudioToolbox.framework in Frameworks */ = {isa = PBXBuildFile; fileRef = 2BA3129C14A3D78C0062E234 /* AudioToolbox.framework */; settings = {ATTRIBUTES = (Required, ); }; };
		2BA3129F14A3D7A20062E234 /* AudioUnit.framework in Frameworks */ = {isa = PBXBuildFile; fileRef = 2BA3129E14A3D7A20062E234 /* AudioUnit.framework */; };
		2BAC979015BC595F00FBE907 /* TaglibTagger.mm in Sources */ = {isa = PBXBuildFile; fileRef = 2BAC978F15BC595E00FBE907 /* TaglibTagger.mm */; };
		2BB25CA91692042A00243B27 /* fb2kmac-decoder-mp3.bundle in CopyFiles */ = {isa = PBXBuildFile; fileRef = 2B80D43F16920167000F3392 /* fb2kmac-decoder-mp3.bundle */; };
		2BB25CB11692327700243B27 /* libmpg123.0.dylib in CopyFiles */ = {isa = PBXBuildFile; fileRef = 2BB25CB01692327700243B27 /* libmpg123.0.dylib */; };
		2BB25CB21692328D00243B27 /* libmpg123.dylib in Frameworks */ = {isa = PBXBuildFile; fileRef = 2BB25CA41692040900243B27 /* libmpg123.dylib */; };
		2BB25CBD16972FC600243B27 /* MP3Decoder.m in Sources */ = {isa = PBXBuildFile; fileRef = 2BB25CB716972F9400243B27 /* MP3Decoder.m */; };
		2BB25CC01697303000243B27 /* PluginManager.m in Sources */ = {isa = PBXBuildFile; fileRef = 2BB25CBF1697302F00243B27 /* PluginManager.m */; };
		2BB25CC61697369F00243B27 /* MP3DecoderPlugin.m in Sources */ = {isa = PBXBuildFile; fileRef = 2BB25CC4169733BB00243B27 /* MP3DecoderPlugin.m */; };
		2BB25CCC16973CCD00243B27 /* CoreFoundation.framework in Frameworks */ = {isa = PBXBuildFile; fileRef = 2B80D44016920167000F3392 /* CoreFoundation.framework */; };
		2BB25CDC16973D7700243B27 /* FLACDecoder.m in Sources */ = {isa = PBXBuildFile; fileRef = 2BB25CD816973D6000243B27 /* FLACDecoder.m */; };
		2BB25CDD16973D8200243B27 /* libFLAC.8.dylib in Frameworks */ = {isa = PBXBuildFile; fileRef = 2B05BBE015227FE5003DCE57 /* libFLAC.8.dylib */; };
		2BB25CE116973E0C00243B27 /* FLACDecoderPlugin.m in Sources */ = {isa = PBXBuildFile; fileRef = 2BB25CE016973DA300243B27 /* FLACDecoderPlugin.m */; };
		2BB25CE216973E1700243B27 /* fb2kmac-decoder-flac.bundle in CopyFiles */ = {isa = PBXBuildFile; fileRef = 2BB25CD416973CCD00243B27 /* fb2kmac-decoder-flac.bundle */; };
		2BB25CE81697412F00243B27 /* libFLAC.8.dylib in CopyFiles */ = {isa = PBXBuildFile; fileRef = 2B05BBE015227FE5003DCE57 /* libFLAC.8.dylib */; };
		2BB25CE91697419100243B27 /* libogg.0.dylib in CopyFiles */ = {isa = PBXBuildFile; fileRef = 2B0E032815214B3900B80884 /* libogg.0.dylib */; };
		2BB25CF01697432300243B27 /* CoreFoundation.framework in Frameworks */ = {isa = PBXBuildFile; fileRef = 2B80D44016920167000F3392 /* CoreFoundation.framework */; };
		2BB25CF41697432300243B27 /* libogg.0.dylib in CopyFiles */ = {isa = PBXBuildFile; fileRef = 2B0E032815214B3900B80884 /* libogg.0.dylib */; };
		2BB25CFB1697433000243B27 /* libvorbis.0.dylib in CopyFiles */ = {isa = PBXBuildFile; fileRef = 2B05BBE91522C04A003DCE57 /* libvorbis.0.dylib */; };
		2BB25CFC1697433000243B27 /* libvorbisfile.3.dylib in CopyFiles */ = {isa = PBXBuildFile; fileRef = 2B05BBEA1522C04A003DCE57 /* libvorbisfile.3.dylib */; };
		2BB25D021697439500243B27 /* VorbisDecoder.m in Sources */ = {isa = PBXBuildFile; fileRef = 2BB25CFF1697439200243B27 /* VorbisDecoder.m */; };
		2BB25D031697439700243B27 /* VorbisDecoderPlugin.m in Sources */ = {isa = PBXBuildFile; fileRef = 2BB25D011697439200243B27 /* VorbisDecoderPlugin.m */; };
		2BB25D09169743B700243B27 /* InfoPlist.strings in Resources */ = {isa = PBXBuildFile; fileRef = 2BB25D07169743B700243B27 /* InfoPlist.strings */; };
		2BB25D0C1697440100243B27 /* fb2kmac-decoder-vorbis.bundle in CopyFiles */ = {isa = PBXBuildFile; fileRef = 2BB25CF91697432300243B27 /* fb2kmac-decoder-vorbis.bundle */; };
		2BB25D0D1697443900243B27 /* libvorbisfile.3.dylib in Frameworks */ = {isa = PBXBuildFile; fileRef = 2B05BBEA1522C04A003DCE57 /* libvorbisfile.3.dylib */; };
		2BBAC63F15C4193300965635 /* Playlist.m in Sources */ = {isa = PBXBuildFile; fileRef = 2BBAC63E15C4193300965635 /* Playlist.m */; };
		2BBEC89216C20EF200160279 /* LibraryView.m in Sources */ = {isa = PBXBuildFile; fileRef = 2BBEC89116C20EF200160279 /* LibraryView.m */; };
		2BBEC89516C32B3B00160279 /* LibraryViewArtistCell.m in Sources */ = {isa = PBXBuildFile; fileRef = 2BBEC89416C32B3B00160279 /* LibraryViewArtistCell.m */; };
		2BBEC89816C36AC100160279 /* LibraryViewAlbumCell.m in Sources */ = {isa = PBXBuildFile; fileRef = 2BBEC89716C36AC100160279 /* LibraryViewAlbumCell.m */; };
		2BBEC89B16C44C0900160279 /* LibraryViewTrackCell.m in Sources */ = {isa = PBXBuildFile; fileRef = 2BBEC89A16C44C0900160279 /* LibraryViewTrackCell.m */; };
		2BBEC89E16C60A7F00160279 /* Library.m in Sources */ = {isa = PBXBuildFile; fileRef = 2BBEC89D16C60A7F00160279 /* Library.m */; };
		2BDC0CD6179B2682006EBB05 /* NSView+CGDrawing.m in Sources */ = {isa = PBXBuildFile; fileRef = 2BDC0CD5179B2682006EBB05 /* NSView+CGDrawing.m */; };
		2BE04E471689D19B00EBEF9B /* SliderBarHoverView.m in Sources */ = {isa = PBXBuildFile; fileRef = 2BE04E461689D19B00EBEF9B /* SliderBarHoverView.m */; };
		2BF18DC715A0BBD2000C906E /* PlaylistView.m in Sources */ = {isa = PBXBuildFile; fileRef = 2BF18DC615A0BBD1000C906E /* PlaylistView.m */; };
/* End PBXBuildFile section */

/* Begin PBXContainerItemProxy section */
		2B05E17F159E3AAE001FBE70 /* PBXContainerItemProxy */ = {
			isa = PBXContainerItemProxy;
			containerPortal = 2B05E175159E3AAD001FBE70 /* TwUI.xcodeproj */;
			proxyType = 2;
			remoteGlobalIDString = CB5B264C13BE6DA200579B1E;
			remoteInfo = TwUI;
		};
		2B05E181159E3AAE001FBE70 /* PBXContainerItemProxy */ = {
			isa = PBXContainerItemProxy;
			containerPortal = 2B05E175159E3AAD001FBE70 /* TwUI.xcodeproj */;
			proxyType = 2;
			remoteGlobalIDString = CB5E321813BE7098004B7899;
			remoteInfo = "Dynamic Library";
		};
		2B05E183159E3AAE001FBE70 /* PBXContainerItemProxy */ = {
			isa = PBXContainerItemProxy;
			containerPortal = 2B05E175159E3AAD001FBE70 /* TwUI.xcodeproj */;
			proxyType = 2;
			remoteGlobalIDString = 5EE983B713BE7809005F430D;
			remoteInfo = "Static Library";
		};
		2B05E185159E3AAE001FBE70 /* PBXContainerItemProxy */ = {
			isa = PBXContainerItemProxy;
			containerPortal = 2B05E175159E3AAD001FBE70 /* TwUI.xcodeproj */;
			proxyType = 2;
			remoteGlobalIDString = CB5B266113BE6DA300579B1E;
			remoteInfo = Tests;
		};
		2B5086EE1787ECEC0066B014 /* PBXContainerItemProxy */ = {
			isa = PBXContainerItemProxy;
			containerPortal = 2B5086E71787ECEC0066B014 /* Rebel.xcodeproj */;
			proxyType = 2;
			remoteGlobalIDString = D09AE4DF15C5F45200ECAD10;
			remoteInfo = Rebel;
		};
		2B5086F01787ECEC0066B014 /* PBXContainerItemProxy */ = {
			isa = PBXContainerItemProxy;
			containerPortal = 2B5086E71787ECEC0066B014 /* Rebel.xcodeproj */;
			proxyType = 2;
			remoteGlobalIDString = D09AE4F715C5F45300ECAD10;
			remoteInfo = RebelTests;
		};
		2B72D79716F1638E00324194 /* PBXContainerItemProxy */ = {
			isa = PBXContainerItemProxy;
			containerPortal = 2B72D78E16F1638E00324194 /* Lumberjack.xcodeproj */;
			proxyType = 2;
			remoteGlobalIDString = DCB3185114EB418E001CFBEE;
			remoteInfo = Lumberjack;
		};
		2B72D79916F1638E00324194 /* PBXContainerItemProxy */ = {
			isa = PBXContainerItemProxy;
			containerPortal = 2B72D78E16F1638E00324194 /* Lumberjack.xcodeproj */;
			proxyType = 2;
			remoteGlobalIDString = DCB318CA14ED6C3B001CFBEE;
			remoteInfo = FmwkTest;
		};
		2B72D79B16F163B400324194 /* PBXContainerItemProxy */ = {
			isa = PBXContainerItemProxy;
			containerPortal = 2B72D78E16F1638E00324194 /* Lumberjack.xcodeproj */;
			proxyType = 1;
			remoteGlobalIDString = DCB3185014EB418E001CFBEE;
			remoteInfo = Lumberjack;
		};
		2BB25CE316973E4F00243B27 /* PBXContainerItemProxy */ = {
			isa = PBXContainerItemProxy;
			containerPortal = 2B15BF5B146127A100DC46CD /* Project object */;
			proxyType = 1;
			remoteGlobalIDString = 2B80D43E16920167000F3392;
			remoteInfo = "fb2kmac-decoder-mp3";
		};
		2BB25CE516973E5100243B27 /* PBXContainerItemProxy */ = {
			isa = PBXContainerItemProxy;
			containerPortal = 2B15BF5B146127A100DC46CD /* Project object */;
			proxyType = 1;
			remoteGlobalIDString = 2BB25CC716973CCD00243B27;
			remoteInfo = "fb2kmac-decoder-flac";
		};
		2BB25D0A169743F300243B27 /* PBXContainerItemProxy */ = {
			isa = PBXContainerItemProxy;
			containerPortal = 2B15BF5B146127A100DC46CD /* Project object */;
			proxyType = 1;
			remoteGlobalIDString = 2BB25CEB1697432300243B27;
			remoteInfo = "fb2kmac-decoder-vorbis";
		};
/* End PBXContainerItemProxy section */

/* Begin PBXCopyFilesBuildPhase section */
		2BB25CA81692042000243B27 /* CopyFiles */ = {
			isa = PBXCopyFilesBuildPhase;
			buildActionMask = 2147483647;
			dstPath = "";
			dstSubfolderSpec = 13;
			files = (
				2BB25D0C1697440100243B27 /* fb2kmac-decoder-vorbis.bundle in CopyFiles */,
				2BB25CE216973E1700243B27 /* fb2kmac-decoder-flac.bundle in CopyFiles */,
				2BB25CA91692042A00243B27 /* fb2kmac-decoder-mp3.bundle in CopyFiles */,
			);
			runOnlyForDeploymentPostprocessing = 0;
		};
		2BB25CAD169231F700243B27 /* CopyFiles */ = {
			isa = PBXCopyFilesBuildPhase;
			buildActionMask = 2147483647;
			dstPath = "";
			dstSubfolderSpec = 10;
			files = (
				2BB25CB11692327700243B27 /* libmpg123.0.dylib in CopyFiles */,
			);
			runOnlyForDeploymentPostprocessing = 0;
		};
		2BB25CCF16973CCD00243B27 /* CopyFiles */ = {
			isa = PBXCopyFilesBuildPhase;
			buildActionMask = 2147483647;
			dstPath = "";
			dstSubfolderSpec = 10;
			files = (
				2BB25CE91697419100243B27 /* libogg.0.dylib in CopyFiles */,
				2BB25CE81697412F00243B27 /* libFLAC.8.dylib in CopyFiles */,
			);
			runOnlyForDeploymentPostprocessing = 0;
		};
		2BB25CF31697432300243B27 /* CopyFiles */ = {
			isa = PBXCopyFilesBuildPhase;
			buildActionMask = 2147483647;
			dstPath = "";
			dstSubfolderSpec = 10;
			files = (
				2BB25CFB1697433000243B27 /* libvorbis.0.dylib in CopyFiles */,
				2BB25CFC1697433000243B27 /* libvorbisfile.3.dylib in CopyFiles */,
				2BB25CF41697432300243B27 /* libogg.0.dylib in CopyFiles */,
			);
			runOnlyForDeploymentPostprocessing = 0;
		};
		2BEC84BB147CA5D4008102F8 /* Copy Files */ = {
			isa = PBXCopyFilesBuildPhase;
			buildActionMask = 2147483647;
			dstPath = "";
			dstSubfolderSpec = 10;
			files = (
				2B5086F61787ED4D0066B014 /* Rebel.framework in Copy Files */,
				2B72D79E16F163C800324194 /* Lumberjack.framework in Copy Files */,
				2B80D44D16920215000F3392 /* libtag.1.11.0.dylib in Copy Files */,
				2B18CEBE15B4C10700265F61 /* TwUI.framework in Copy Files */,
			);
			name = "Copy Files";
			runOnlyForDeploymentPostprocessing = 0;
		};
/* End PBXCopyFilesBuildPhase section */

/* Begin PBXFileReference section */
		2B05BBE015227FE5003DCE57 /* libFLAC.8.dylib */ = {isa = PBXFileReference; lastKnownFileType = "compiled.mach-o.dylib"; name = libFLAC.8.dylib; path = prefix/lib/libFLAC.8.dylib; sourceTree = "<group>"; };
		2B05BBE91522C04A003DCE57 /* libvorbis.0.dylib */ = {isa = PBXFileReference; lastKnownFileType = "compiled.mach-o.dylib"; name = libvorbis.0.dylib; path = prefix/lib/libvorbis.0.dylib; sourceTree = "<group>"; };
		2B05BBEA1522C04A003DCE57 /* libvorbisfile.3.dylib */ = {isa = PBXFileReference; lastKnownFileType = "compiled.mach-o.dylib"; name = libvorbisfile.3.dylib; path = prefix/lib/libvorbisfile.3.dylib; sourceTree = "<group>"; };
		2B05E175159E3AAD001FBE70 /* TwUI.xcodeproj */ = {isa = PBXFileReference; lastKnownFileType = "wrapper.pb-project"; name = TwUI.xcodeproj; path = deps/twui/TwUI.xcodeproj; sourceTree = "<group>"; };
		2B0E032815214B3900B80884 /* libogg.0.dylib */ = {isa = PBXFileReference; lastKnownFileType = "compiled.mach-o.dylib"; name = libogg.0.dylib; path = prefix/lib/libogg.0.dylib; sourceTree = "<group>"; };
		2B15BF64146127A100DC46CD /* fb2kmac.app */ = {isa = PBXFileReference; explicitFileType = wrapper.application; includeInIndex = 0; path = fb2kmac.app; sourceTree = BUILT_PRODUCTS_DIR; };
		2B15BF68146127A100DC46CD /* Cocoa.framework */ = {isa = PBXFileReference; lastKnownFileType = wrapper.framework; name = Cocoa.framework; path = System/Library/Frameworks/Cocoa.framework; sourceTree = SDKROOT; };
		2B15BF6B146127A100DC46CD /* AppKit.framework */ = {isa = PBXFileReference; lastKnownFileType = wrapper.framework; name = AppKit.framework; path = System/Library/Frameworks/AppKit.framework; sourceTree = SDKROOT; };
		2B15BF6C146127A100DC46CD /* CoreData.framework */ = {isa = PBXFileReference; lastKnownFileType = wrapper.framework; name = CoreData.framework; path = System/Library/Frameworks/CoreData.framework; sourceTree = SDKROOT; };
		2B15BF6D146127A100DC46CD /* Foundation.framework */ = {isa = PBXFileReference; lastKnownFileType = wrapper.framework; name = Foundation.framework; path = System/Library/Frameworks/Foundation.framework; sourceTree = SDKROOT; };
		2B15BF70146127A100DC46CD /* fb2kmac-Info.plist */ = {isa = PBXFileReference; lastKnownFileType = text.plist.xml; path = "fb2kmac-Info.plist"; sourceTree = "<group>"; };
		2B15BF72146127A100DC46CD /* en */ = {isa = PBXFileReference; lastKnownFileType = text.plist.strings; name = en; path = en.lproj/InfoPlist.strings; sourceTree = "<group>"; };
		2B15BF74146127A100DC46CD /* main.m */ = {isa = PBXFileReference; lastKnownFileType = sourcecode.c.objc; path = main.m; sourceTree = "<group>"; };
		2B15BF76146127A100DC46CD /* fb2kmac-Prefix.pch */ = {isa = PBXFileReference; lastKnownFileType = sourcecode.c.h; path = "fb2kmac-Prefix.pch"; sourceTree = "<group>"; };
		2B15BF78146127A100DC46CD /* en */ = {isa = PBXFileReference; lastKnownFileType = text.rtf; name = en; path = en.lproj/Credits.rtf; sourceTree = "<group>"; };
		2B15BF7A146127A100DC46CD /* AppDelegate.h */ = {isa = PBXFileReference; lastKnownFileType = sourcecode.c.h; path = AppDelegate.h; sourceTree = "<group>"; };
		2B15BF7B146127A100DC46CD /* AppDelegate.m */ = {isa = PBXFileReference; lastKnownFileType = sourcecode.c.objc; path = AppDelegate.m; sourceTree = "<group>"; };
		2B15BF7E146127A100DC46CD /* en */ = {isa = PBXFileReference; lastKnownFileType = file.xib; name = en; path = en.lproj/MainMenu.xib; sourceTree = "<group>"; };
		2B15BF86146127A100DC46CD /* SenTestingKit.framework */ = {isa = PBXFileReference; lastKnownFileType = wrapper.framework; name = SenTestingKit.framework; path = Library/Frameworks/SenTestingKit.framework; sourceTree = DEVELOPER_DIR; };
		2B1FEF6115D9C9BB003C4435 /* Window.h */ = {isa = PBXFileReference; fileEncoding = 4; lastKnownFileType = sourcecode.c.h; path = Window.h; sourceTree = "<group>"; };
		2B1FEF6215D9C9BB003C4435 /* Window.m */ = {isa = PBXFileReference; fileEncoding = 4; lastKnownFileType = sourcecode.c.objc; path = Window.m; sourceTree = "<group>"; };
		2B1FEF6915DACD64003C4435 /* TitlebarViewNS.h */ = {isa = PBXFileReference; fileEncoding = 4; lastKnownFileType = sourcecode.c.h; path = TitlebarViewNS.h; sourceTree = "<group>"; };
		2B1FEF6A15DACD64003C4435 /* TitlebarViewNS.m */ = {isa = PBXFileReference; fileEncoding = 4; lastKnownFileType = sourcecode.c.objc; path = TitlebarViewNS.m; sourceTree = "<group>"; };
		2B466061147C4C6E0036B5AB /* MusicController.h */ = {isa = PBXFileReference; fileEncoding = 4; lastKnownFileType = sourcecode.c.h; path = MusicController.h; sourceTree = "<group>"; };
		2B466062147C4C6F0036B5AB /* MusicController.m */ = {isa = PBXFileReference; fileEncoding = 4; lastKnownFileType = sourcecode.c.objc; path = MusicController.m; sourceTree = "<group>"; };
		2B5086CF1787AAFB0066B014 /* WindowContentView.h */ = {isa = PBXFileReference; fileEncoding = 4; lastKnownFileType = sourcecode.c.h; path = WindowContentView.h; sourceTree = "<group>"; };
		2B5086D01787AAFB0066B014 /* WindowContentView.m */ = {isa = PBXFileReference; fileEncoding = 4; lastKnownFileType = sourcecode.c.objc; path = WindowContentView.m; sourceTree = "<group>"; };
		2B5086DA1787CFD20066B014 /* PlaylistTrackCellView.h */ = {isa = PBXFileReference; fileEncoding = 4; lastKnownFileType = sourcecode.c.h; path = PlaylistTrackCellView.h; sourceTree = "<group>"; };
		2B5086DB1787CFD20066B014 /* PlaylistTrackCellView.m */ = {isa = PBXFileReference; fileEncoding = 4; lastKnownFileType = sourcecode.c.objc; path = PlaylistTrackCellView.m; sourceTree = "<group>"; };
		2B5086E71787ECEC0066B014 /* Rebel.xcodeproj */ = {isa = PBXFileReference; lastKnownFileType = "wrapper.pb-project"; name = Rebel.xcodeproj; path = deps/rebel/Rebel.xcodeproj; sourceTree = "<group>"; };
		2B53558415D0797D0054E61F /* Button.h */ = {isa = PBXFileReference; fileEncoding = 4; lastKnownFileType = sourcecode.c.h; path = Button.h; sourceTree = "<group>"; };
		2B53558515D0797D0054E61F /* Button.m */ = {isa = PBXFileReference; fileEncoding = 4; lastKnownFileType = sourcecode.c.objc; path = Button.m; sourceTree = "<group>"; };
		2B53558C15D1CEA30054E61F /* QuartzCore.framework */ = {isa = PBXFileReference; lastKnownFileType = wrapper.framework; name = QuartzCore.framework; path = /Applications/Xcode.app/Contents/Developer/Platforms/MacOSX.platform/Developer/SDKs/MacOSX10.8.sdk/System/Library/Frameworks/QuartzCore.framework; sourceTree = "<absolute>"; };
		2B5B33FA17763C140093C292 /* MASPreferencesViewController.h */ = {isa = PBXFileReference; fileEncoding = 4; lastKnownFileType = sourcecode.c.h; name = MASPreferencesViewController.h; path = deps/MASPreferences/MASPreferencesViewController.h; sourceTree = SOURCE_ROOT; };
		2B5B33FB17763C140093C292 /* MASPreferencesWindow.xib */ = {isa = PBXFileReference; fileEncoding = 4; lastKnownFileType = file.xib; name = MASPreferencesWindow.xib; path = deps/MASPreferences/MASPreferencesWindow.xib; sourceTree = SOURCE_ROOT; };
		2B5B33FC17763C140093C292 /* MASPreferencesWindowController.h */ = {isa = PBXFileReference; fileEncoding = 4; lastKnownFileType = sourcecode.c.h; name = MASPreferencesWindowController.h; path = deps/MASPreferences/MASPreferencesWindowController.h; sourceTree = SOURCE_ROOT; };
		2B5B33FD17763C140093C292 /* MASPreferencesWindowController.m */ = {isa = PBXFileReference; fileEncoding = 4; lastKnownFileType = sourcecode.c.objc; name = MASPreferencesWindowController.m; path = deps/MASPreferences/MASPreferencesWindowController.m; sourceTree = SOURCE_ROOT; };
		2B5B340217763C9A0093C292 /* LibraryPreferenceViewController.h */ = {isa = PBXFileReference; fileEncoding = 4; lastKnownFileType = sourcecode.c.h; name = LibraryPreferenceViewController.h; path = preferences/LibraryPreferenceViewController.h; sourceTree = "<group>"; };
		2B5B340317763C9A0093C292 /* LibraryPreferenceViewController.m */ = {isa = PBXFileReference; fileEncoding = 4; lastKnownFileType = sourcecode.c.objc; name = LibraryPreferenceViewController.m; path = preferences/LibraryPreferenceViewController.m; sourceTree = "<group>"; };
		2B5B340417763C9A0093C292 /* LibraryPreferenceViewController.xib */ = {isa = PBXFileReference; fileEncoding = 4; lastKnownFileType = file.xib; name = LibraryPreferenceViewController.xib; path = preferences/LibraryPreferenceViewController.xib; sourceTree = "<group>"; };
		2B5B340717768E830093C292 /* defaultPrefs.plist */ = {isa = PBXFileReference; fileEncoding = 4; lastKnownFileType = text.plist.xml; path = defaultPrefs.plist; sourceTree = "<group>"; };
		2B5DA9701620DDD10057D0D5 /* TitlebarSeekButtonNS.h */ = {isa = PBXFileReference; fileEncoding = 4; lastKnownFileType = sourcecode.c.h; path = TitlebarSeekButtonNS.h; sourceTree = "<group>"; };
		2B5DA9711620DDD10057D0D5 /* TitlebarSeekButtonNS.m */ = {isa = PBXFileReference; fileEncoding = 4; lastKnownFileType = sourcecode.c.objc; path = TitlebarSeekButtonNS.m; sourceTree = "<group>"; };
		2B5DA981162758320057D0D5 /* SliderBar.h */ = {isa = PBXFileReference; fileEncoding = 4; lastKnownFileType = sourcecode.c.h; path = SliderBar.h; sourceTree = "<group>"; };
		2B5DA982162758320057D0D5 /* SliderBar.m */ = {isa = PBXFileReference; fileEncoding = 4; lastKnownFileType = sourcecode.c.objc; path = SliderBar.m; sourceTree = "<group>"; };
		2B65ED1916C7447500DD327D /* CoreDataManager.h */ = {isa = PBXFileReference; fileEncoding = 4; lastKnownFileType = sourcecode.c.h; path = CoreDataManager.h; sourceTree = "<group>"; };
		2B65ED1A16C7447500DD327D /* CoreDataManager.m */ = {isa = PBXFileReference; fileEncoding = 4; lastKnownFileType = sourcecode.c.objc; path = CoreDataManager.m; sourceTree = "<group>"; };
		2B65ED1C16C8381900DD327D /* LibraryTrack.h */ = {isa = PBXFileReference; fileEncoding = 4; lastKnownFileType = sourcecode.c.h; path = LibraryTrack.h; sourceTree = "<group>"; };
		2B65ED1D16C8381900DD327D /* LibraryTrack.m */ = {isa = PBXFileReference; fileEncoding = 4; lastKnownFileType = sourcecode.c.objc; path = LibraryTrack.m; sourceTree = "<group>"; };
		2B65ED2316C8906700DD327D /* LibraryArtist.h */ = {isa = PBXFileReference; fileEncoding = 4; lastKnownFileType = sourcecode.c.h; path = LibraryArtist.h; sourceTree = "<group>"; };
		2B65ED2416C8906800DD327D /* LibraryArtist.m */ = {isa = PBXFileReference; fileEncoding = 4; lastKnownFileType = sourcecode.c.objc; path = LibraryArtist.m; sourceTree = "<group>"; };
		2B65ED2616C8907100DD327D /* LibraryAlbum.h */ = {isa = PBXFileReference; fileEncoding = 4; lastKnownFileType = sourcecode.c.h; path = LibraryAlbum.h; sourceTree = "<group>"; };
		2B65ED2716C8907100DD327D /* LibraryAlbum.m */ = {isa = PBXFileReference; fileEncoding = 4; lastKnownFileType = sourcecode.c.objc; path = LibraryAlbum.m; sourceTree = "<group>"; };
		2B72D78E16F1638E00324194 /* Lumberjack.xcodeproj */ = {isa = PBXFileReference; lastKnownFileType = "wrapper.pb-project"; name = Lumberjack.xcodeproj; path = deps/cocoalumberjack/Xcode/LumberjackFramework/Desktop/Lumberjack.xcodeproj; sourceTree = "<group>"; };
		2B80D43F16920167000F3392 /* fb2kmac-decoder-mp3.bundle */ = {isa = PBXFileReference; explicitFileType = wrapper.cfbundle; includeInIndex = 0; path = "fb2kmac-decoder-mp3.bundle"; sourceTree = BUILT_PRODUCTS_DIR; };
		2B80D44016920167000F3392 /* CoreFoundation.framework */ = {isa = PBXFileReference; lastKnownFileType = wrapper.framework; name = CoreFoundation.framework; path = System/Library/Frameworks/CoreFoundation.framework; sourceTree = SDKROOT; };
		2B824B4A15DAF02200B26228 /* TitlebarButtonNS.h */ = {isa = PBXFileReference; fileEncoding = 4; lastKnownFileType = sourcecode.c.h; path = TitlebarButtonNS.h; sourceTree = "<group>"; };
		2B824B4B15DAF02200B26228 /* TitlebarButtonNS.m */ = {isa = PBXFileReference; fileEncoding = 4; lastKnownFileType = sourcecode.c.objc; path = TitlebarButtonNS.m; sourceTree = "<group>"; };
		2B824B4D15E1BAF500B26228 /* CoreAudio.framework */ = {isa = PBXFileReference; lastKnownFileType = wrapper.framework; name = CoreAudio.framework; path = System/Library/Frameworks/CoreAudio.framework; sourceTree = SDKROOT; };
		2B82B25D1780EDB700E1EA0B /* LibraryCoreDataManager.h */ = {isa = PBXFileReference; fileEncoding = 4; lastKnownFileType = sourcecode.c.h; path = LibraryCoreDataManager.h; sourceTree = "<group>"; };
		2B82B25E1780EDB700E1EA0B /* LibraryCoreDataManager.m */ = {isa = PBXFileReference; fileEncoding = 4; lastKnownFileType = sourcecode.c.objc; path = LibraryCoreDataManager.m; sourceTree = "<group>"; };
		2B82B2601780F3E900E1EA0B /* PlaylistCoreDataManager.h */ = {isa = PBXFileReference; fileEncoding = 4; lastKnownFileType = sourcecode.c.h; path = PlaylistCoreDataManager.h; sourceTree = "<group>"; };
		2B82B2611780F3E900E1EA0B /* PlaylistCoreDataManager.m */ = {isa = PBXFileReference; fileEncoding = 4; lastKnownFileType = sourcecode.c.objc; path = PlaylistCoreDataManager.m; sourceTree = "<group>"; };
		2B82B270178114C400E1EA0B /* ManagedObjectTrack.h */ = {isa = PBXFileReference; fileEncoding = 4; lastKnownFileType = sourcecode.c.h; path = ManagedObjectTrack.h; sourceTree = "<group>"; };
		2B82B271178114C400E1EA0B /* ManagedObjectTrack.m */ = {isa = PBXFileReference; fileEncoding = 4; lastKnownFileType = sourcecode.c.objc; path = ManagedObjectTrack.m; sourceTree = "<group>"; };
		2B86BDBF15216B740022E813 /* FIFOBuffer.h */ = {isa = PBXFileReference; fileEncoding = 4; lastKnownFileType = sourcecode.c.h; path = FIFOBuffer.h; sourceTree = "<group>"; };
		2B86BDC015216B740022E813 /* FIFOBuffer.m */ = {isa = PBXFileReference; fileEncoding = 4; lastKnownFileType = sourcecode.c.objc; path = FIFOBuffer.m; sourceTree = "<group>"; };
		2B8DB9341479FB7E006133CA /* PlaylistTrack.h */ = {isa = PBXFileReference; fileEncoding = 4; lastKnownFileType = sourcecode.c.h; path = PlaylistTrack.h; sourceTree = "<group>"; };
		2B8DB9351479FB7E006133CA /* PlaylistTrack.m */ = {isa = PBXFileReference; fileEncoding = 4; lastKnownFileType = sourcecode.c.objc; path = PlaylistTrack.m; sourceTree = "<group>"; };
		2B9DA4F8178A5AF10065DC44 /* PlaylistCellView.h */ = {isa = PBXFileReference; fileEncoding = 4; lastKnownFileType = sourcecode.c.h; path = PlaylistCellView.h; sourceTree = "<group>"; };
		2B9DA4F9178A5AF10065DC44 /* PlaylistCellView.m */ = {isa = PBXFileReference; fileEncoding = 4; lastKnownFileType = sourcecode.c.objc; path = PlaylistCellView.m; sourceTree = "<group>"; };
		2B9DA4FB1791E8C60065DC44 /* PlaylistTrackRowView.h */ = {isa = PBXFileReference; fileEncoding = 4; lastKnownFileType = sourcecode.c.h; path = PlaylistTrackRowView.h; sourceTree = "<group>"; };
		2B9DA4FC1791E8C60065DC44 /* PlaylistTrackRowView.m */ = {isa = PBXFileReference; fileEncoding = 4; lastKnownFileType = sourcecode.c.objc; path = PlaylistTrackRowView.m; sourceTree = "<group>"; };
		2B9DA4FE1791FE910065DC44 /* PlaylistRowView.h */ = {isa = PBXFileReference; fileEncoding = 4; lastKnownFileType = sourcecode.c.h; path = PlaylistRowView.h; sourceTree = "<group>"; };
		2B9DA4FF1791FE910065DC44 /* PlaylistRowView.m */ = {isa = PBXFileReference; fileEncoding = 4; lastKnownFileType = sourcecode.c.objc; path = PlaylistRowView.m; sourceTree = "<group>"; };
		2BA3129C14A3D78C0062E234 /* AudioToolbox.framework */ = {isa = PBXFileReference; lastKnownFileType = wrapper.framework; name = AudioToolbox.framework; path = System/Library/Frameworks/AudioToolbox.framework; sourceTree = SDKROOT; };
		2BA3129E14A3D7A20062E234 /* AudioUnit.framework */ = {isa = PBXFileReference; lastKnownFileType = wrapper.framework; name = AudioUnit.framework; path = System/Library/Frameworks/AudioUnit.framework; sourceTree = SDKROOT; };
		2BAC978B15BC56EA00FBE907 /* TaggerProtocol.h */ = {isa = PBXFileReference; lastKnownFileType = sourcecode.c.h; path = TaggerProtocol.h; sourceTree = "<group>"; };
		2BAC978C15BC571400FBE907 /* TaglibTagger.h */ = {isa = PBXFileReference; fileEncoding = 4; lastKnownFileType = sourcecode.c.h; path = TaglibTagger.h; sourceTree = "<group>"; };
		2BAC978F15BC595E00FBE907 /* TaglibTagger.mm */ = {isa = PBXFileReference; fileEncoding = 4; lastKnownFileType = sourcecode.cpp.objcpp; path = TaglibTagger.mm; sourceTree = "<group>"; };
		2BB25CA41692040900243B27 /* libmpg123.dylib */ = {isa = PBXFileReference; lastKnownFileType = "compiled.mach-o.dylib"; name = libmpg123.dylib; path = prefix/lib/libmpg123.dylib; sourceTree = "<group>"; };
		2BB25CB01692327700243B27 /* libmpg123.0.dylib */ = {isa = PBXFileReference; lastKnownFileType = "compiled.mach-o.dylib"; name = libmpg123.0.dylib; path = prefix/lib/libmpg123.0.dylib; sourceTree = "<group>"; };
		2BB25CB516972F7F00243B27 /* DecoderProtocol.h */ = {isa = PBXFileReference; lastKnownFileType = sourcecode.c.h; name = DecoderProtocol.h; path = fb2kmac/decoders/DecoderProtocol.h; sourceTree = "<group>"; };
		2BB25CB616972F9400243B27 /* MP3Decoder.h */ = {isa = PBXFileReference; lastKnownFileType = sourcecode.c.h; name = MP3Decoder.h; path = fb2kmac/decoders/mp3/MP3Decoder.h; sourceTree = SOURCE_ROOT; };
		2BB25CB716972F9400243B27 /* MP3Decoder.m */ = {isa = PBXFileReference; lastKnownFileType = sourcecode.c.objc; name = MP3Decoder.m; path = fb2kmac/decoders/mp3/MP3Decoder.m; sourceTree = SOURCE_ROOT; };
		2BB25CB816972FA000243B27 /* fb2kmac-decoder-mp3-Info.plist */ = {isa = PBXFileReference; lastKnownFileType = text.plist.xml; name = "fb2kmac-decoder-mp3-Info.plist"; path = "fb2kmac/decoders/mp3/fb2kmac-decoder-mp3-Info.plist"; sourceTree = SOURCE_ROOT; };
		2BB25CB916972FA000243B27 /* fb2kmac-decoder-mp3-Prefix.pch */ = {isa = PBXFileReference; lastKnownFileType = sourcecode.c.h; name = "fb2kmac-decoder-mp3-Prefix.pch"; path = "fb2kmac/decoders/mp3/fb2kmac-decoder-mp3-Prefix.pch"; sourceTree = SOURCE_ROOT; };
		2BB25CBB16972FA900243B27 /* en */ = {isa = PBXFileReference; lastKnownFileType = text.plist.strings; name = en; path = fb2kmac/decoders/mp3/en.lproj/InfoPlist.strings; sourceTree = SOURCE_ROOT; };
		2BB25CBE1697302F00243B27 /* PluginManager.h */ = {isa = PBXFileReference; fileEncoding = 4; lastKnownFileType = sourcecode.c.h; name = PluginManager.h; path = plugins/PluginManager.h; sourceTree = "<group>"; };
		2BB25CBF1697302F00243B27 /* PluginManager.m */ = {isa = PBXFileReference; fileEncoding = 4; lastKnownFileType = sourcecode.c.objc; name = PluginManager.m; path = plugins/PluginManager.m; sourceTree = "<group>"; };
		2BB25CC21697308300243B27 /* PluginProtocol.h */ = {isa = PBXFileReference; lastKnownFileType = sourcecode.c.h; name = PluginProtocol.h; path = plugins/PluginProtocol.h; sourceTree = "<group>"; };
		2BB25CC3169733BB00243B27 /* MP3DecoderPlugin.h */ = {isa = PBXFileReference; fileEncoding = 4; lastKnownFileType = sourcecode.c.h; name = MP3DecoderPlugin.h; path = fb2kmac/decoders/mp3/MP3DecoderPlugin.h; sourceTree = SOURCE_ROOT; };
		2BB25CC4169733BB00243B27 /* MP3DecoderPlugin.m */ = {isa = PBXFileReference; fileEncoding = 4; lastKnownFileType = sourcecode.c.objc; name = MP3DecoderPlugin.m; path = fb2kmac/decoders/mp3/MP3DecoderPlugin.m; sourceTree = SOURCE_ROOT; };
		2BB25CD416973CCD00243B27 /* fb2kmac-decoder-flac.bundle */ = {isa = PBXFileReference; explicitFileType = wrapper.cfbundle; includeInIndex = 0; path = "fb2kmac-decoder-flac.bundle"; sourceTree = BUILT_PRODUCTS_DIR; };
		2BB25CD716973D6000243B27 /* FLACDecoder.h */ = {isa = PBXFileReference; lastKnownFileType = sourcecode.c.h; name = FLACDecoder.h; path = fb2kmac/decoders/flac/FLACDecoder.h; sourceTree = "<group>"; };
		2BB25CD816973D6000243B27 /* FLACDecoder.m */ = {isa = PBXFileReference; lastKnownFileType = sourcecode.c.objc; name = FLACDecoder.m; path = fb2kmac/decoders/flac/FLACDecoder.m; sourceTree = "<group>"; };
		2BB25CDA16973D6E00243B27 /* fb2kmac-decoder-flac-Info.plist */ = {isa = PBXFileReference; lastKnownFileType = text.plist.xml; name = "fb2kmac-decoder-flac-Info.plist"; path = "fb2kmac/decoders/flac/fb2kmac-decoder-flac-Info.plist"; sourceTree = "<group>"; };
		2BB25CDB16973D6E00243B27 /* fb2kmac-decoder-flac-Prefix.pch */ = {isa = PBXFileReference; lastKnownFileType = sourcecode.c.h; name = "fb2kmac-decoder-flac-Prefix.pch"; path = "fb2kmac/decoders/flac/fb2kmac-decoder-flac-Prefix.pch"; sourceTree = "<group>"; };
		2BB25CDF16973DA300243B27 /* FLACDecoderPlugin.h */ = {isa = PBXFileReference; lastKnownFileType = sourcecode.c.h; name = FLACDecoderPlugin.h; path = fb2kmac/decoders/flac/FLACDecoderPlugin.h; sourceTree = "<group>"; };
		2BB25CE016973DA300243B27 /* FLACDecoderPlugin.m */ = {isa = PBXFileReference; lastKnownFileType = sourcecode.c.objc; name = FLACDecoderPlugin.m; path = fb2kmac/decoders/flac/FLACDecoderPlugin.m; sourceTree = "<group>"; };
		2BB25CF91697432300243B27 /* fb2kmac-decoder-vorbis.bundle */ = {isa = PBXFileReference; explicitFileType = wrapper.cfbundle; includeInIndex = 0; path = "fb2kmac-decoder-vorbis.bundle"; sourceTree = BUILT_PRODUCTS_DIR; };
		2BB25CFE1697439200243B27 /* VorbisDecoder.h */ = {isa = PBXFileReference; lastKnownFileType = sourcecode.c.h; name = VorbisDecoder.h; path = fb2kmac/decoders/vorbis/VorbisDecoder.h; sourceTree = "<group>"; };
		2BB25CFF1697439200243B27 /* VorbisDecoder.m */ = {isa = PBXFileReference; lastKnownFileType = sourcecode.c.objc; name = VorbisDecoder.m; path = fb2kmac/decoders/vorbis/VorbisDecoder.m; sourceTree = "<group>"; };
		2BB25D001697439200243B27 /* VorbisDecoderPlugin.h */ = {isa = PBXFileReference; lastKnownFileType = sourcecode.c.h; name = VorbisDecoderPlugin.h; path = fb2kmac/decoders/vorbis/VorbisDecoderPlugin.h; sourceTree = "<group>"; };
		2BB25D011697439200243B27 /* VorbisDecoderPlugin.m */ = {isa = PBXFileReference; lastKnownFileType = sourcecode.c.objc; name = VorbisDecoderPlugin.m; path = fb2kmac/decoders/vorbis/VorbisDecoderPlugin.m; sourceTree = "<group>"; };
		2BB25D05169743B200243B27 /* fb2kmac-decoder-vorbis-Info.plist */ = {isa = PBXFileReference; lastKnownFileType = text.plist.xml; name = "fb2kmac-decoder-vorbis-Info.plist"; path = "fb2kmac/decoders/vorbis/fb2kmac-decoder-vorbis-Info.plist"; sourceTree = "<group>"; };
		2BB25D06169743B200243B27 /* fb2kmac-decoder-vorbis-Prefix.pch */ = {isa = PBXFileReference; lastKnownFileType = sourcecode.c.h; name = "fb2kmac-decoder-vorbis-Prefix.pch"; path = "fb2kmac/decoders/vorbis/fb2kmac-decoder-vorbis-Prefix.pch"; sourceTree = "<group>"; };
		2BB25D08169743B700243B27 /* en */ = {isa = PBXFileReference; lastKnownFileType = text.plist.strings; name = en; path = fb2kmac/decoders/vorbis/en.lproj/InfoPlist.strings; sourceTree = "<group>"; };
		2BBAC63D15C4193200965635 /* Playlist.h */ = {isa = PBXFileReference; fileEncoding = 4; lastKnownFileType = sourcecode.c.h; path = Playlist.h; sourceTree = "<group>"; };
		2BBAC63E15C4193300965635 /* Playlist.m */ = {isa = PBXFileReference; fileEncoding = 4; lastKnownFileType = sourcecode.c.objc; path = Playlist.m; sourceTree = "<group>"; };
		2BBB23D515BC731700169E80 /* libtag.1.11.0.dylib */ = {isa = PBXFileReference; lastKnownFileType = "compiled.mach-o.dylib"; name = libtag.1.11.0.dylib; path = prefix/lib/libtag.1.11.0.dylib; sourceTree = "<group>"; };
		2BBEC89016C20EF200160279 /* LibraryView.h */ = {isa = PBXFileReference; fileEncoding = 4; lastKnownFileType = sourcecode.c.h; path = LibraryView.h; sourceTree = "<group>"; };
		2BBEC89116C20EF200160279 /* LibraryView.m */ = {isa = PBXFileReference; fileEncoding = 4; lastKnownFileType = sourcecode.c.objc; path = LibraryView.m; sourceTree = "<group>"; };
		2BBEC89316C32B3B00160279 /* LibraryViewArtistCell.h */ = {isa = PBXFileReference; fileEncoding = 4; lastKnownFileType = sourcecode.c.h; path = LibraryViewArtistCell.h; sourceTree = "<group>"; };
		2BBEC89416C32B3B00160279 /* LibraryViewArtistCell.m */ = {isa = PBXFileReference; fileEncoding = 4; lastKnownFileType = sourcecode.c.objc; path = LibraryViewArtistCell.m; sourceTree = "<group>"; };
		2BBEC89616C36AC100160279 /* LibraryViewAlbumCell.h */ = {isa = PBXFileReference; fileEncoding = 4; lastKnownFileType = sourcecode.c.h; path = LibraryViewAlbumCell.h; sourceTree = "<group>"; };
		2BBEC89716C36AC100160279 /* LibraryViewAlbumCell.m */ = {isa = PBXFileReference; fileEncoding = 4; lastKnownFileType = sourcecode.c.objc; path = LibraryViewAlbumCell.m; sourceTree = "<group>"; };
		2BBEC89916C44C0800160279 /* LibraryViewTrackCell.h */ = {isa = PBXFileReference; fileEncoding = 4; lastKnownFileType = sourcecode.c.h; path = LibraryViewTrackCell.h; sourceTree = "<group>"; };
		2BBEC89A16C44C0900160279 /* LibraryViewTrackCell.m */ = {isa = PBXFileReference; fileEncoding = 4; lastKnownFileType = sourcecode.c.objc; path = LibraryViewTrackCell.m; sourceTree = "<group>"; };
		2BBEC89C16C60A7E00160279 /* Library.h */ = {isa = PBXFileReference; fileEncoding = 4; lastKnownFileType = sourcecode.c.h; path = Library.h; sourceTree = "<group>"; };
		2BBEC89D16C60A7F00160279 /* Library.m */ = {isa = PBXFileReference; fileEncoding = 4; lastKnownFileType = sourcecode.c.objc; path = Library.m; sourceTree = "<group>"; };
		2BDC0CD4179B2682006EBB05 /* NSView+CGDrawing.h */ = {isa = PBXFileReference; fileEncoding = 4; lastKnownFileType = sourcecode.c.h; path = "NSView+CGDrawing.h"; sourceTree = "<group>"; };
		2BDC0CD5179B2682006EBB05 /* NSView+CGDrawing.m */ = {isa = PBXFileReference; fileEncoding = 4; lastKnownFileType = sourcecode.c.objc; path = "NSView+CGDrawing.m"; sourceTree = "<group>"; };
		2BE04E451689D19B00EBEF9B /* SliderBarHoverView.h */ = {isa = PBXFileReference; fileEncoding = 4; lastKnownFileType = sourcecode.c.h; path = SliderBarHoverView.h; sourceTree = "<group>"; };
		2BE04E461689D19B00EBEF9B /* SliderBarHoverView.m */ = {isa = PBXFileReference; fileEncoding = 4; lastKnownFileType = sourcecode.c.objc; path = SliderBarHoverView.m; sourceTree = "<group>"; };
		2BEC84B8147C602B008102F8 /* common.h */ = {isa = PBXFileReference; fileEncoding = 4; lastKnownFileType = sourcecode.c.h; path = common.h; sourceTree = "<group>"; };
		2BF18DC515A0BBD1000C906E /* PlaylistView.h */ = {isa = PBXFileReference; fileEncoding = 4; lastKnownFileType = sourcecode.c.h; path = PlaylistView.h; sourceTree = "<group>"; };
		2BF18DC615A0BBD1000C906E /* PlaylistView.m */ = {isa = PBXFileReference; fileEncoding = 4; lastKnownFileType = sourcecode.c.objc; path = PlaylistView.m; sourceTree = "<group>"; };
/* End PBXFileReference section */

/* Begin PBXFrameworksBuildPhase section */
		2B15BF61146127A100DC46CD /* Frameworks */ = {
			isa = PBXFrameworksBuildPhase;
			buildActionMask = 2147483647;
			files = (
				2B80D44C16920204000F3392 /* libtag.1.11.0.dylib in Frameworks */,
				2B824B4E15E1BAF600B26228 /* CoreAudio.framework in Frameworks */,
				2B53558E15D1CECE0054E61F /* QuartzCore.framework in Frameworks */,
				2B05E197159E3B22001FBE70 /* TwUI.framework in Frameworks */,
				2B72D79D16F163BC00324194 /* Lumberjack.framework in Frameworks */,
				2BA3129F14A3D7A20062E234 /* AudioUnit.framework in Frameworks */,
				2BA3129D14A3D78C0062E234 /* AudioToolbox.framework in Frameworks */,
				2B15BF69146127A100DC46CD /* Cocoa.framework in Frameworks */,
				2B5086F51787ED430066B014 /* Rebel.framework in Frameworks */,
			);
			runOnlyForDeploymentPostprocessing = 0;
		};
		2B80D43C16920167000F3392 /* Frameworks */ = {
			isa = PBXFrameworksBuildPhase;
			buildActionMask = 2147483647;
			files = (
				2B80D44116920167000F3392 /* CoreFoundation.framework in Frameworks */,
				2BB25CB21692328D00243B27 /* libmpg123.dylib in Frameworks */,
			);
			runOnlyForDeploymentPostprocessing = 0;
		};
		2BB25CCB16973CCD00243B27 /* Frameworks */ = {
			isa = PBXFrameworksBuildPhase;
			buildActionMask = 2147483647;
			files = (
				2BB25CCC16973CCD00243B27 /* CoreFoundation.framework in Frameworks */,
				2BB25CDD16973D8200243B27 /* libFLAC.8.dylib in Frameworks */,
			);
			runOnlyForDeploymentPostprocessing = 0;
		};
		2BB25CEF1697432300243B27 /* Frameworks */ = {
			isa = PBXFrameworksBuildPhase;
			buildActionMask = 2147483647;
			files = (
				2BB25CF01697432300243B27 /* CoreFoundation.framework in Frameworks */,
				2BB25D0D1697443900243B27 /* libvorbisfile.3.dylib in Frameworks */,
			);
			runOnlyForDeploymentPostprocessing = 0;
		};
/* End PBXFrameworksBuildPhase section */

/* Begin PBXGroup section */
		2B05E176159E3AAD001FBE70 /* Products */ = {
			isa = PBXGroup;
			children = (
				2B05E180159E3AAE001FBE70 /* TwUI.framework */,
				2B05E182159E3AAE001FBE70 /* libtwui.dylib */,
				2B05E184159E3AAE001FBE70 /* libtwui.a */,
				2B05E186159E3AAE001FBE70 /* Tests.octest */,
			);
			name = Products;
			sourceTree = "<group>";
		};
		2B15BF59146127A100DC46CD = {
			isa = PBXGroup;
			children = (
				2B15BF6E146127A100DC46CD /* fb2kmac */,
				2B15BF67146127A100DC46CD /* Frameworks */,
				2B15BF65146127A100DC46CD /* Products */,
			);
			sourceTree = "<group>";
		};
		2B15BF65146127A100DC46CD /* Products */ = {
			isa = PBXGroup;
			children = (
				2B15BF64146127A100DC46CD /* fb2kmac.app */,
				2B80D43F16920167000F3392 /* fb2kmac-decoder-mp3.bundle */,
				2BB25CD416973CCD00243B27 /* fb2kmac-decoder-flac.bundle */,
				2BB25CF91697432300243B27 /* fb2kmac-decoder-vorbis.bundle */,
			);
			name = Products;
			sourceTree = "<group>";
		};
		2B15BF67146127A100DC46CD /* Frameworks */ = {
			isa = PBXGroup;
			children = (
				2B5086E71787ECEC0066B014 /* Rebel.xcodeproj */,
				2B72D78E16F1638E00324194 /* Lumberjack.xcodeproj */,
				2B05E175159E3AAD001FBE70 /* TwUI.xcodeproj */,
				2B05BBE91522C04A003DCE57 /* libvorbis.0.dylib */,
				2BB25CB01692327700243B27 /* libmpg123.0.dylib */,
				2BBB23D515BC731700169E80 /* libtag.1.11.0.dylib */,
				2B05BBEA1522C04A003DCE57 /* libvorbisfile.3.dylib */,
				2B05BBE015227FE5003DCE57 /* libFLAC.8.dylib */,
				2B0E032815214B3900B80884 /* libogg.0.dylib */,
				2BB25CA41692040900243B27 /* libmpg123.dylib */,
				2B53558C15D1CEA30054E61F /* QuartzCore.framework */,
				2B824B4D15E1BAF500B26228 /* CoreAudio.framework */,
				2BA3129C14A3D78C0062E234 /* AudioToolbox.framework */,
				2BA3129E14A3D7A20062E234 /* AudioUnit.framework */,
				2B15BF68146127A100DC46CD /* Cocoa.framework */,
				2B15BF86146127A100DC46CD /* SenTestingKit.framework */,
				2B80D44016920167000F3392 /* CoreFoundation.framework */,
				2B15BF6A146127A100DC46CD /* Other Frameworks */,
			);
			name = Frameworks;
			sourceTree = "<group>";
		};
		2B15BF6A146127A100DC46CD /* Other Frameworks */ = {
			isa = PBXGroup;
			children = (
				2B15BF6B146127A100DC46CD /* AppKit.framework */,
				2B15BF6C146127A100DC46CD /* CoreData.framework */,
				2B15BF6D146127A100DC46CD /* Foundation.framework */,
			);
			name = "Other Frameworks";
			sourceTree = "<group>";
		};
		2B15BF6E146127A100DC46CD /* fb2kmac */ = {
			isa = PBXGroup;
			children = (
				2B82B257177C03C600E1EA0B /* app */,
				2B80D45016920361000F3392 /* decoders */,
				2B82B255177C034E00E1EA0B /* library backend */,
				2B82B256177C035F00E1EA0B /* library view */,
				2B82B258177C03D400E1EA0B /* playback */,
				2B82B259177C043800E1EA0B /* playlist backend */,
				2B82B25A177C044000E1EA0B /* playlist view */,
				2BB25CC11697304600243B27 /* plugins */,
				2B5B33F317763BC10093C292 /* preferences */,
				2B82B25C177C047900E1EA0B /* tagging */,
				2B82B24F177C032C00E1EA0B /* titlebar */,
				2B82B25B177C046000E1EA0B /* window */,
				2BEC84B8147C602B008102F8 /* common.h */,
				2B15BF6F146127A100DC46CD /* Supporting Files */,
			);
			path = fb2kmac;
			sourceTree = "<group>";
		};
		2B15BF6F146127A100DC46CD /* Supporting Files */ = {
			isa = PBXGroup;
			children = (
				2B15BF70146127A100DC46CD /* fb2kmac-Info.plist */,
				2B15BF71146127A100DC46CD /* InfoPlist.strings */,
				2B15BF74146127A100DC46CD /* main.m */,
				2B15BF76146127A100DC46CD /* fb2kmac-Prefix.pch */,
				2B15BF77146127A100DC46CD /* Credits.rtf */,
				2B5B340717768E830093C292 /* defaultPrefs.plist */,
			);
			name = "Supporting Files";
			sourceTree = "<group>";
		};
		2B5086E81787ECEC0066B014 /* Products */ = {
			isa = PBXGroup;
			children = (
				2B5086EF1787ECEC0066B014 /* Rebel.framework */,
				2B5086F11787ECEC0066B014 /* RebelTests.octest */,
			);
			name = Products;
			sourceTree = "<group>";
		};
		2B5B33F317763BC10093C292 /* preferences */ = {
			isa = PBXGroup;
			children = (
				2B5B33FA17763C140093C292 /* MASPreferencesViewController.h */,
				2B5B33FB17763C140093C292 /* MASPreferencesWindow.xib */,
				2B5B33FC17763C140093C292 /* MASPreferencesWindowController.h */,
				2B5B33FD17763C140093C292 /* MASPreferencesWindowController.m */,
				2B5B340217763C9A0093C292 /* LibraryPreferenceViewController.h */,
				2B5B340317763C9A0093C292 /* LibraryPreferenceViewController.m */,
				2B5B340417763C9A0093C292 /* LibraryPreferenceViewController.xib */,
			);
			name = preferences;
			sourceTree = "<group>";
		};
		2B72D78F16F1638E00324194 /* Products */ = {
			isa = PBXGroup;
			children = (
				2B72D79816F1638E00324194 /* Lumberjack.framework */,
				2B72D79A16F1638E00324194 /* FmwkTest.app */,
			);
			name = Products;
			sourceTree = "<group>";
		};
		2B80D44216920167000F3392 /* mp3 */ = {
			isa = PBXGroup;
			children = (
				2BB25CB616972F9400243B27 /* MP3Decoder.h */,
				2BB25CB716972F9400243B27 /* MP3Decoder.m */,
				2BB25CC3169733BB00243B27 /* MP3DecoderPlugin.h */,
				2BB25CC4169733BB00243B27 /* MP3DecoderPlugin.m */,
				2B80D44316920167000F3392 /* Supporting Files */,
			);
			name = mp3;
			path = "fb2kmac-decoder-mp3";
			sourceTree = "<group>";
		};
		2B80D44316920167000F3392 /* Supporting Files */ = {
			isa = PBXGroup;
			children = (
				2BB25CBA16972FA900243B27 /* InfoPlist.strings */,
				2BB25CB816972FA000243B27 /* fb2kmac-decoder-mp3-Info.plist */,
				2BB25CB916972FA000243B27 /* fb2kmac-decoder-mp3-Prefix.pch */,
			);
			name = "Supporting Files";
			sourceTree = "<group>";
		};
		2B80D45016920361000F3392 /* decoders */ = {
			isa = PBXGroup;
			children = (
				2BB25CEA169742E400243B27 /* vorbis */,
				2BB25CD616973D5600243B27 /* flac */,
				2BB25CB516972F7F00243B27 /* DecoderProtocol.h */,
				2B80D44216920167000F3392 /* mp3 */,
			);
			name = decoders;
			path = ..;
			sourceTree = "<group>";
		};
		2B82B24F177C032C00E1EA0B /* titlebar */ = {
			isa = PBXGroup;
			children = (
				2B53558415D0797D0054E61F /* Button.h */,
				2B53558515D0797D0054E61F /* Button.m */,
				2B5DA981162758320057D0D5 /* SliderBar.h */,
				2B5DA982162758320057D0D5 /* SliderBar.m */,
				2BE04E451689D19B00EBEF9B /* SliderBarHoverView.h */,
				2BE04E461689D19B00EBEF9B /* SliderBarHoverView.m */,
				2B824B4A15DAF02200B26228 /* TitlebarButtonNS.h */,
				2B824B4B15DAF02200B26228 /* TitlebarButtonNS.m */,
				2B5DA9701620DDD10057D0D5 /* TitlebarSeekButtonNS.h */,
				2B5DA9711620DDD10057D0D5 /* TitlebarSeekButtonNS.m */,
				2B1FEF6915DACD64003C4435 /* TitlebarViewNS.h */,
				2B1FEF6A15DACD64003C4435 /* TitlebarViewNS.m */,
			);
			name = titlebar;
			sourceTree = "<group>";
		};
		2B82B255177C034E00E1EA0B /* library backend */ = {
			isa = PBXGroup;
			children = (
				2BBEC89C16C60A7E00160279 /* Library.h */,
				2BBEC89D16C60A7F00160279 /* Library.m */,
				2B65ED2316C8906700DD327D /* LibraryArtist.h */,
				2B65ED2416C8906800DD327D /* LibraryArtist.m */,
				2B65ED2616C8907100DD327D /* LibraryAlbum.h */,
				2B65ED2716C8907100DD327D /* LibraryAlbum.m */,
				2B65ED1C16C8381900DD327D /* LibraryTrack.h */,
				2B65ED1D16C8381900DD327D /* LibraryTrack.m */,
				2B82B25D1780EDB700E1EA0B /* LibraryCoreDataManager.h */,
				2B82B25E1780EDB700E1EA0B /* LibraryCoreDataManager.m */,
			);
			name = "library backend";
			sourceTree = "<group>";
		};
		2B82B256177C035F00E1EA0B /* library view */ = {
			isa = PBXGroup;
			children = (
				2BBEC89016C20EF200160279 /* LibraryView.h */,
				2BBEC89116C20EF200160279 /* LibraryView.m */,
				2BBEC89316C32B3B00160279 /* LibraryViewArtistCell.h */,
				2BBEC89416C32B3B00160279 /* LibraryViewArtistCell.m */,
				2BBEC89616C36AC100160279 /* LibraryViewAlbumCell.h */,
				2BBEC89716C36AC100160279 /* LibraryViewAlbumCell.m */,
				2BBEC89916C44C0800160279 /* LibraryViewTrackCell.h */,
				2BBEC89A16C44C0900160279 /* LibraryViewTrackCell.m */,
			);
			name = "library view";
			sourceTree = "<group>";
		};
		2B82B257177C03C600E1EA0B /* app */ = {
			isa = PBXGroup;
			children = (
				2B15BF7A146127A100DC46CD /* AppDelegate.h */,
				2B15BF7B146127A100DC46CD /* AppDelegate.m */,
				2B65ED1916C7447500DD327D /* CoreDataManager.h */,
				2B65ED1A16C7447500DD327D /* CoreDataManager.m */,
				2B15BF7D146127A100DC46CD /* MainMenu.xib */,
				2B82B270178114C400E1EA0B /* ManagedObjectTrack.h */,
				2B82B271178114C400E1EA0B /* ManagedObjectTrack.m */,
				2BDC0CD4179B2682006EBB05 /* NSView+CGDrawing.h */,
				2BDC0CD5179B2682006EBB05 /* NSView+CGDrawing.m */,
			);
			name = app;
			sourceTree = "<group>";
		};
		2B82B258177C03D400E1EA0B /* playback */ = {
			isa = PBXGroup;
			children = (
				2B86BDBF15216B740022E813 /* FIFOBuffer.h */,
				2B86BDC015216B740022E813 /* FIFOBuffer.m */,
				2B466061147C4C6E0036B5AB /* MusicController.h */,
				2B466062147C4C6F0036B5AB /* MusicController.m */,
			);
			name = playback;
			sourceTree = "<group>";
		};
		2B82B259177C043800E1EA0B /* playlist backend */ = {
			isa = PBXGroup;
			children = (
				2BBAC63D15C4193200965635 /* Playlist.h */,
				2BBAC63E15C4193300965635 /* Playlist.m */,
				2B8DB9341479FB7E006133CA /* PlaylistTrack.h */,
				2B8DB9351479FB7E006133CA /* PlaylistTrack.m */,
				2B82B2601780F3E900E1EA0B /* PlaylistCoreDataManager.h */,
				2B82B2611780F3E900E1EA0B /* PlaylistCoreDataManager.m */,
			);
			name = "playlist backend";
			sourceTree = "<group>";
		};
		2B82B25A177C044000E1EA0B /* playlist view */ = {
			isa = PBXGroup;
			children = (
				2BF18DC515A0BBD1000C906E /* PlaylistView.h */,
				2BF18DC615A0BBD1000C906E /* PlaylistView.m */,
				2B5086DA1787CFD20066B014 /* PlaylistTrackCellView.h */,
				2B5086DB1787CFD20066B014 /* PlaylistTrackCellView.m */,
				2B9DA4F8178A5AF10065DC44 /* PlaylistCellView.h */,
				2B9DA4F9178A5AF10065DC44 /* PlaylistCellView.m */,
				2B9DA4FB1791E8C60065DC44 /* PlaylistTrackRowView.h */,
				2B9DA4FC1791E8C60065DC44 /* PlaylistTrackRowView.m */,
				2B9DA4FE1791FE910065DC44 /* PlaylistRowView.h */,
				2B9DA4FF1791FE910065DC44 /* PlaylistRowView.m */,
			);
			name = "playlist view";
			sourceTree = "<group>";
		};
		2B82B25B177C046000E1EA0B /* window */ = {
			isa = PBXGroup;
			children = (
				2B1FEF6115D9C9BB003C4435 /* Window.h */,
				2B1FEF6215D9C9BB003C4435 /* Window.m */,
				2B5086CF1787AAFB0066B014 /* WindowContentView.h */,
				2B5086D01787AAFB0066B014 /* WindowContentView.m */,
			);
			name = window;
			sourceTree = "<group>";
		};
		2B82B25C177C047900E1EA0B /* tagging */ = {
			isa = PBXGroup;
			children = (
				2BAC978B15BC56EA00FBE907 /* TaggerProtocol.h */,
				2BAC978C15BC571400FBE907 /* TaglibTagger.h */,
				2BAC978F15BC595E00FBE907 /* TaglibTagger.mm */,
			);
			name = tagging;
			sourceTree = "<group>";
		};
		2BB25CC11697304600243B27 /* plugins */ = {
			isa = PBXGroup;
			children = (
				2BB25CBE1697302F00243B27 /* PluginManager.h */,
				2BB25CBF1697302F00243B27 /* PluginManager.m */,
				2BB25CC21697308300243B27 /* PluginProtocol.h */,
			);
			name = plugins;
			sourceTree = "<group>";
		};
		2BB25CD616973D5600243B27 /* flac */ = {
			isa = PBXGroup;
			children = (
				2BB25CDF16973DA300243B27 /* FLACDecoderPlugin.h */,
				2BB25CE016973DA300243B27 /* FLACDecoderPlugin.m */,
				2BB25CD716973D6000243B27 /* FLACDecoder.h */,
				2BB25CD816973D6000243B27 /* FLACDecoder.m */,
				2BB25CD916973D6500243B27 /* Supporting Files */,
			);
			name = flac;
			sourceTree = "<group>";
		};
		2BB25CD916973D6500243B27 /* Supporting Files */ = {
			isa = PBXGroup;
			children = (
				2BB25CDA16973D6E00243B27 /* fb2kmac-decoder-flac-Info.plist */,
				2BB25CDB16973D6E00243B27 /* fb2kmac-decoder-flac-Prefix.pch */,
			);
			name = "Supporting Files";
			sourceTree = "<group>";
		};
		2BB25CEA169742E400243B27 /* vorbis */ = {
			isa = PBXGroup;
			children = (
				2BB25CFE1697439200243B27 /* VorbisDecoder.h */,
				2BB25CFF1697439200243B27 /* VorbisDecoder.m */,
				2BB25D001697439200243B27 /* VorbisDecoderPlugin.h */,
				2BB25D011697439200243B27 /* VorbisDecoderPlugin.m */,
				2BB25D041697439C00243B27 /* Supporting Files */,
			);
			name = vorbis;
			sourceTree = "<group>";
		};
		2BB25D041697439C00243B27 /* Supporting Files */ = {
			isa = PBXGroup;
			children = (
				2BB25D07169743B700243B27 /* InfoPlist.strings */,
				2BB25D05169743B200243B27 /* fb2kmac-decoder-vorbis-Info.plist */,
				2BB25D06169743B200243B27 /* fb2kmac-decoder-vorbis-Prefix.pch */,
			);
			name = "Supporting Files";
			sourceTree = "<group>";
		};
/* End PBXGroup section */

/* Begin PBXNativeTarget section */
		2B15BF63146127A100DC46CD /* fb2kmac */ = {
			isa = PBXNativeTarget;
			buildConfigurationList = 2B15BF96146127A100DC46CD /* Build configuration list for PBXNativeTarget "fb2kmac" */;
			buildPhases = (
				2B15BF60146127A100DC46CD /* Sources */,
				2B15BF61146127A100DC46CD /* Frameworks */,
				2B15BF62146127A100DC46CD /* Resources */,
				2BEC84BB147CA5D4008102F8 /* Copy Files */,
				2BB25CA81692042000243B27 /* CopyFiles */,
			);
			buildRules = (
			);
			dependencies = (
				2B72D79C16F163B400324194 /* PBXTargetDependency */,
				2BB25D0B169743F300243B27 /* PBXTargetDependency */,
				2BB25CE616973E5100243B27 /* PBXTargetDependency */,
				2BB25CE416973E4F00243B27 /* PBXTargetDependency */,
			);
			name = fb2kmac;
			productName = fb2kmac;
			productReference = 2B15BF64146127A100DC46CD /* fb2kmac.app */;
			productType = "com.apple.product-type.application";
		};
		2B80D43E16920167000F3392 /* fb2kmac-decoder-mp3 */ = {
			isa = PBXNativeTarget;
			buildConfigurationList = 2B80D44916920167000F3392 /* Build configuration list for PBXNativeTarget "fb2kmac-decoder-mp3" */;
			buildPhases = (
				2B80D43B16920167000F3392 /* Sources */,
				2B80D43C16920167000F3392 /* Frameworks */,
				2B80D43D16920167000F3392 /* Resources */,
				2BB25CAD169231F700243B27 /* CopyFiles */,
			);
			buildRules = (
			);
			dependencies = (
			);
			name = "fb2kmac-decoder-mp3";
			productName = "fb2kmac-decoder-mp3";
			productReference = 2B80D43F16920167000F3392 /* fb2kmac-decoder-mp3.bundle */;
			productType = "com.apple.product-type.bundle";
		};
		2BB25CC716973CCD00243B27 /* fb2kmac-decoder-flac */ = {
			isa = PBXNativeTarget;
			buildConfigurationList = 2BB25CD116973CCD00243B27 /* Build configuration list for PBXNativeTarget "fb2kmac-decoder-flac" */;
			buildPhases = (
				2BB25CC816973CCD00243B27 /* Sources */,
				2BB25CCB16973CCD00243B27 /* Frameworks */,
				2BB25CCE16973CCD00243B27 /* Resources */,
				2BB25CCF16973CCD00243B27 /* CopyFiles */,
			);
			buildRules = (
			);
			dependencies = (
			);
			name = "fb2kmac-decoder-flac";
			productName = "fb2kmac-decoder-mp3";
			productReference = 2BB25CD416973CCD00243B27 /* fb2kmac-decoder-flac.bundle */;
			productType = "com.apple.product-type.bundle";
		};
		2BB25CEB1697432300243B27 /* fb2kmac-decoder-vorbis */ = {
			isa = PBXNativeTarget;
			buildConfigurationList = 2BB25CF61697432300243B27 /* Build configuration list for PBXNativeTarget "fb2kmac-decoder-vorbis" */;
			buildPhases = (
				2BB25CEC1697432300243B27 /* Sources */,
				2BB25CEF1697432300243B27 /* Frameworks */,
				2BB25CF21697432300243B27 /* Resources */,
				2BB25CF31697432300243B27 /* CopyFiles */,
			);
			buildRules = (
			);
			dependencies = (
			);
			name = "fb2kmac-decoder-vorbis";
			productName = "fb2kmac-decoder-mp3";
			productReference = 2BB25CF91697432300243B27 /* fb2kmac-decoder-vorbis.bundle */;
			productType = "com.apple.product-type.bundle";
		};
/* End PBXNativeTarget section */

/* Begin PBXProject section */
		2B15BF5B146127A100DC46CD /* Project object */ = {
			isa = PBXProject;
			attributes = {
				LastUpgradeCheck = 0420;
			};
			buildConfigurationList = 2B15BF5E146127A100DC46CD /* Build configuration list for PBXProject "fb2kmac" */;
			compatibilityVersion = "Xcode 3.2";
			developmentRegion = English;
			hasScannedForEncodings = 0;
			knownRegions = (
				en,
			);
			mainGroup = 2B15BF59146127A100DC46CD;
			productRefGroup = 2B15BF65146127A100DC46CD /* Products */;
			projectDirPath = "";
			projectReferences = (
				{
					ProductGroup = 2B72D78F16F1638E00324194 /* Products */;
					ProjectRef = 2B72D78E16F1638E00324194 /* Lumberjack.xcodeproj */;
				},
				{
					ProductGroup = 2B5086E81787ECEC0066B014 /* Products */;
					ProjectRef = 2B5086E71787ECEC0066B014 /* Rebel.xcodeproj */;
				},
				{
					ProductGroup = 2B05E176159E3AAD001FBE70 /* Products */;
					ProjectRef = 2B05E175159E3AAD001FBE70 /* TwUI.xcodeproj */;
				},
			);
			projectRoot = "";
			targets = (
				2B15BF63146127A100DC46CD /* fb2kmac */,
				2B80D43E16920167000F3392 /* fb2kmac-decoder-mp3 */,
				2BB25CC716973CCD00243B27 /* fb2kmac-decoder-flac */,
				2BB25CEB1697432300243B27 /* fb2kmac-decoder-vorbis */,
			);
		};
/* End PBXProject section */

/* Begin PBXReferenceProxy section */
		2B05E180159E3AAE001FBE70 /* TwUI.framework */ = {
			isa = PBXReferenceProxy;
			fileType = wrapper.framework;
			path = TwUI.framework;
			remoteRef = 2B05E17F159E3AAE001FBE70 /* PBXContainerItemProxy */;
			sourceTree = BUILT_PRODUCTS_DIR;
		};
		2B05E182159E3AAE001FBE70 /* libtwui.dylib */ = {
			isa = PBXReferenceProxy;
			fileType = "compiled.mach-o.dylib";
			path = libtwui.dylib;
			remoteRef = 2B05E181159E3AAE001FBE70 /* PBXContainerItemProxy */;
			sourceTree = BUILT_PRODUCTS_DIR;
		};
		2B05E184159E3AAE001FBE70 /* libtwui.a */ = {
			isa = PBXReferenceProxy;
			fileType = archive.ar;
			path = libtwui.a;
			remoteRef = 2B05E183159E3AAE001FBE70 /* PBXContainerItemProxy */;
			sourceTree = BUILT_PRODUCTS_DIR;
		};
		2B05E186159E3AAE001FBE70 /* Tests.octest */ = {
			isa = PBXReferenceProxy;
			fileType = wrapper.cfbundle;
			path = Tests.octest;
			remoteRef = 2B05E185159E3AAE001FBE70 /* PBXContainerItemProxy */;
			sourceTree = BUILT_PRODUCTS_DIR;
		};
		2B5086EF1787ECEC0066B014 /* Rebel.framework */ = {
			isa = PBXReferenceProxy;
			fileType = wrapper.framework;
			path = Rebel.framework;
			remoteRef = 2B5086EE1787ECEC0066B014 /* PBXContainerItemProxy */;
			sourceTree = BUILT_PRODUCTS_DIR;
		};
		2B5086F11787ECEC0066B014 /* RebelTests.octest */ = {
			isa = PBXReferenceProxy;
			fileType = wrapper.cfbundle;
			path = RebelTests.octest;
			remoteRef = 2B5086F01787ECEC0066B014 /* PBXContainerItemProxy */;
			sourceTree = BUILT_PRODUCTS_DIR;
		};
		2B72D79816F1638E00324194 /* Lumberjack.framework */ = {
			isa = PBXReferenceProxy;
			fileType = wrapper.framework;
			path = Lumberjack.framework;
			remoteRef = 2B72D79716F1638E00324194 /* PBXContainerItemProxy */;
			sourceTree = BUILT_PRODUCTS_DIR;
		};
		2B72D79A16F1638E00324194 /* FmwkTest.app */ = {
			isa = PBXReferenceProxy;
			fileType = wrapper.application;
			path = FmwkTest.app;
			remoteRef = 2B72D79916F1638E00324194 /* PBXContainerItemProxy */;
			sourceTree = BUILT_PRODUCTS_DIR;
		};
/* End PBXReferenceProxy section */

/* Begin PBXResourcesBuildPhase section */
		2B15BF62146127A100DC46CD /* Resources */ = {
			isa = PBXResourcesBuildPhase;
			buildActionMask = 2147483647;
			files = (
				2B15BF73146127A100DC46CD /* InfoPlist.strings in Resources */,
				2B15BF79146127A100DC46CD /* Credits.rtf in Resources */,
				2B15BF7F146127A100DC46CD /* MainMenu.xib in Resources */,
				2BB25D09169743B700243B27 /* InfoPlist.strings in Resources */,
				2B5B33FE17763C140093C292 /* MASPreferencesWindow.xib in Resources */,
				2B5B340617763C9A0093C292 /* LibraryPreferenceViewController.xib in Resources */,
				2B5B340817768E830093C292 /* defaultPrefs.plist in Resources */,
			);
			runOnlyForDeploymentPostprocessing = 0;
		};
		2B80D43D16920167000F3392 /* Resources */ = {
			isa = PBXResourcesBuildPhase;
			buildActionMask = 2147483647;
			files = (
			);
			runOnlyForDeploymentPostprocessing = 0;
		};
		2BB25CCE16973CCD00243B27 /* Resources */ = {
			isa = PBXResourcesBuildPhase;
			buildActionMask = 2147483647;
			files = (
			);
			runOnlyForDeploymentPostprocessing = 0;
		};
		2BB25CF21697432300243B27 /* Resources */ = {
			isa = PBXResourcesBuildPhase;
			buildActionMask = 2147483647;
			files = (
			);
			runOnlyForDeploymentPostprocessing = 0;
		};
/* End PBXResourcesBuildPhase section */

/* Begin PBXSourcesBuildPhase section */
		2B15BF60146127A100DC46CD /* Sources */ = {
			isa = PBXSourcesBuildPhase;
			buildActionMask = 2147483647;
			files = (
				2B53558715D07A2B0054E61F /* Button.m in Sources */,
				2B15BF75146127A100DC46CD /* main.m in Sources */,
				2B15BF7C146127A100DC46CD /* AppDelegate.m in Sources */,
				2B8DB9361479FB7E006133CA /* PlaylistTrack.m in Sources */,
				2B466063147C4C6F0036B5AB /* MusicController.m in Sources */,
				2B86BDC115216B740022E813 /* FIFOBuffer.m in Sources */,
				2BF18DC715A0BBD2000C906E /* PlaylistView.m in Sources */,
				2BAC979015BC595F00FBE907 /* TaglibTagger.mm in Sources */,
				2BBAC63F15C4193300965635 /* Playlist.m in Sources */,
				2B1FEF6315D9C9BB003C4435 /* Window.m in Sources */,
				2B1FEF6B15DACD65003C4435 /* TitlebarViewNS.m in Sources */,
				2B824B4C15DAF02200B26228 /* TitlebarButtonNS.m in Sources */,
				2B5DA9801620DF8E0057D0D5 /* TitlebarSeekButtonNS.m in Sources */,
				2B5DA983162758320057D0D5 /* SliderBar.m in Sources */,
				2BE04E471689D19B00EBEF9B /* SliderBarHoverView.m in Sources */,
				2BB25CC01697303000243B27 /* PluginManager.m in Sources */,
				2BBEC89216C20EF200160279 /* LibraryView.m in Sources */,
				2BBEC89516C32B3B00160279 /* LibraryViewArtistCell.m in Sources */,
				2BBEC89816C36AC100160279 /* LibraryViewAlbumCell.m in Sources */,
				2BBEC89B16C44C0900160279 /* LibraryViewTrackCell.m in Sources */,
				2BBEC89E16C60A7F00160279 /* Library.m in Sources */,
				2B65ED1B16C7447500DD327D /* CoreDataManager.m in Sources */,
				2B65ED1E16C8381900DD327D /* LibraryTrack.m in Sources */,
				2B65ED2516C8906900DD327D /* LibraryArtist.m in Sources */,
				2B65ED2816C8907200DD327D /* LibraryAlbum.m in Sources */,
				2B5B33FF17763C140093C292 /* MASPreferencesWindowController.m in Sources */,
				2B5B340517763C9A0093C292 /* LibraryPreferenceViewController.m in Sources */,
				2B82B25F1780EDB700E1EA0B /* LibraryCoreDataManager.m in Sources */,
				2B82B272178114C400E1EA0B /* ManagedObjectTrack.m in Sources */,
				2B82B2621780F3E900E1EA0B /* PlaylistCoreDataManager.m in Sources */,
				2B5086D11787AAFB0066B014 /* WindowContentView.m in Sources */,
				2B5086DC1787CFD20066B014 /* PlaylistTrackCellView.m in Sources */,
				2B9DA4FA178A5AF10065DC44 /* PlaylistCellView.m in Sources */,
				2B9DA4FD1791E8C60065DC44 /* PlaylistTrackRowView.m in Sources */,
				2B9DA5001791FE910065DC44 /* PlaylistRowView.m in Sources */,
				2BDC0CD6179B2682006EBB05 /* NSView+CGDrawing.m in Sources */,
			);
			runOnlyForDeploymentPostprocessing = 0;
		};
		2B80D43B16920167000F3392 /* Sources */ = {
			isa = PBXSourcesBuildPhase;
			buildActionMask = 2147483647;
			files = (
				2BB25CC61697369F00243B27 /* MP3DecoderPlugin.m in Sources */,
				2BB25CBD16972FC600243B27 /* MP3Decoder.m in Sources */,
			);
			runOnlyForDeploymentPostprocessing = 0;
		};
		2BB25CC816973CCD00243B27 /* Sources */ = {
			isa = PBXSourcesBuildPhase;
			buildActionMask = 2147483647;
			files = (
				2BB25CDC16973D7700243B27 /* FLACDecoder.m in Sources */,
				2BB25CE116973E0C00243B27 /* FLACDecoderPlugin.m in Sources */,
			);
			runOnlyForDeploymentPostprocessing = 0;
		};
		2BB25CEC1697432300243B27 /* Sources */ = {
			isa = PBXSourcesBuildPhase;
			buildActionMask = 2147483647;
			files = (
				2BB25D021697439500243B27 /* VorbisDecoder.m in Sources */,
				2BB25D031697439700243B27 /* VorbisDecoderPlugin.m in Sources */,
			);
			runOnlyForDeploymentPostprocessing = 0;
		};
/* End PBXSourcesBuildPhase section */

/* Begin PBXTargetDependency section */
		2B72D79C16F163B400324194 /* PBXTargetDependency */ = {
			isa = PBXTargetDependency;
			name = Lumberjack;
			targetProxy = 2B72D79B16F163B400324194 /* PBXContainerItemProxy */;
		};
		2BB25CE416973E4F00243B27 /* PBXTargetDependency */ = {
			isa = PBXTargetDependency;
			target = 2B80D43E16920167000F3392 /* fb2kmac-decoder-mp3 */;
			targetProxy = 2BB25CE316973E4F00243B27 /* PBXContainerItemProxy */;
		};
		2BB25CE616973E5100243B27 /* PBXTargetDependency */ = {
			isa = PBXTargetDependency;
			target = 2BB25CC716973CCD00243B27 /* fb2kmac-decoder-flac */;
			targetProxy = 2BB25CE516973E5100243B27 /* PBXContainerItemProxy */;
		};
		2BB25D0B169743F300243B27 /* PBXTargetDependency */ = {
			isa = PBXTargetDependency;
			target = 2BB25CEB1697432300243B27 /* fb2kmac-decoder-vorbis */;
			targetProxy = 2BB25D0A169743F300243B27 /* PBXContainerItemProxy */;
		};
/* End PBXTargetDependency section */

/* Begin PBXVariantGroup section */
		2B15BF71146127A100DC46CD /* InfoPlist.strings */ = {
			isa = PBXVariantGroup;
			children = (
				2B15BF72146127A100DC46CD /* en */,
			);
			name = InfoPlist.strings;
			sourceTree = "<group>";
		};
		2B15BF77146127A100DC46CD /* Credits.rtf */ = {
			isa = PBXVariantGroup;
			children = (
				2B15BF78146127A100DC46CD /* en */,
			);
			name = Credits.rtf;
			sourceTree = "<group>";
		};
		2B15BF7D146127A100DC46CD /* MainMenu.xib */ = {
			isa = PBXVariantGroup;
			children = (
				2B15BF7E146127A100DC46CD /* en */,
			);
			name = MainMenu.xib;
			sourceTree = "<group>";
		};
		2BB25CBA16972FA900243B27 /* InfoPlist.strings */ = {
			isa = PBXVariantGroup;
			children = (
				2BB25CBB16972FA900243B27 /* en */,
			);
			name = InfoPlist.strings;
			sourceTree = "<group>";
		};
		2BB25D07169743B700243B27 /* InfoPlist.strings */ = {
			isa = PBXVariantGroup;
			children = (
				2BB25D08169743B700243B27 /* en */,
			);
			name = InfoPlist.strings;
			sourceTree = "<group>";
		};
/* End PBXVariantGroup section */

/* Begin XCBuildConfiguration section */
		2B15BF94146127A100DC46CD /* Debug */ = {
			isa = XCBuildConfiguration;
			buildSettings = {
				ALWAYS_SEARCH_USER_PATHS = NO;
				ARCHS = "$(ARCHS_STANDARD_64_BIT)";
				CLANG_ENABLE_OBJC_ARC = YES;
				COPY_PHASE_STRIP = NO;
				GCC_C_LANGUAGE_STANDARD = gnu99;
				GCC_DYNAMIC_NO_PIC = NO;
				GCC_ENABLE_OBJC_EXCEPTIONS = YES;
				GCC_OPTIMIZATION_LEVEL = 0;
				GCC_PREPROCESSOR_DEFINITIONS = (
					"DEBUG=1",
					"$(inherited)",
				);
				GCC_SYMBOLS_PRIVATE_EXTERN = NO;
				GCC_VERSION = com.apple.compilers.llvm.clang.1_0;
				GCC_WARN_64_TO_32_BIT_CONVERSION = YES;
				GCC_WARN_ABOUT_MISSING_PROTOTYPES = YES;
				GCC_WARN_ABOUT_RETURN_TYPE = YES;
				GCC_WARN_UNUSED_VARIABLE = YES;
				HEADER_SEARCH_PATHS = "\"$(SRCROOT)/prefix/include/\"";
				LIBRARY_SEARCH_PATHS = "\"$(SRCROOT)/prefix/lib\"";
				MACOSX_DEPLOYMENT_TARGET = 10.7;
				ONLY_ACTIVE_ARCH = YES;
				SDKROOT = macosx;
			};
			name = Debug;
		};
		2B15BF95146127A100DC46CD /* Release */ = {
			isa = XCBuildConfiguration;
			buildSettings = {
				ALWAYS_SEARCH_USER_PATHS = NO;
				ARCHS = "$(ARCHS_STANDARD_64_BIT)";
				CLANG_ENABLE_OBJC_ARC = YES;
				COPY_PHASE_STRIP = YES;
				DEBUG_INFORMATION_FORMAT = "dwarf-with-dsym";
				GCC_C_LANGUAGE_STANDARD = gnu99;
				GCC_ENABLE_OBJC_EXCEPTIONS = YES;
				GCC_VERSION = com.apple.compilers.llvm.clang.1_0;
				GCC_WARN_64_TO_32_BIT_CONVERSION = YES;
				GCC_WARN_ABOUT_MISSING_PROTOTYPES = YES;
				GCC_WARN_ABOUT_RETURN_TYPE = YES;
				GCC_WARN_UNUSED_VARIABLE = YES;
				HEADER_SEARCH_PATHS = "\"$(SRCROOT)/prefix/include/\"";
				LIBRARY_SEARCH_PATHS = "\"$(SRCROOT)/prefix/lib\"";
				MACOSX_DEPLOYMENT_TARGET = 10.7;
				SDKROOT = macosx;
			};
			name = Release;
		};
		2B15BF97146127A100DC46CD /* Debug */ = {
			isa = XCBuildConfiguration;
			buildSettings = {
				GCC_PRECOMPILE_PREFIX_HEADER = YES;
				GCC_PREFIX_HEADER = "fb2kmac/fb2kmac-Prefix.pch";
				HEADER_SEARCH_PATHS = (
					"\"$(SRCROOT)/deps/twui/lib/UIKit/\"",
					"\"$(SRCROOT)/deps/twui/lib/Support/\"",
					"\"$(SRCROOT)/deps/cocoalumberjack/Lumberjack/\"",
					"$(inherited)",
					"\"$(SRCROOT)/deps/rebel/Rebel/\"",
				);
				INFOPLIST_FILE = "fb2kmac/fb2kmac-Info.plist";
				LD_RUNPATH_SEARCH_PATHS = "@loader_path/../Frameworks/";
				LIBRARY_SEARCH_PATHS = (
					"$(inherited)",
					"\"$(SRCROOT)/prefix/lib\"",
				);
				PRODUCT_NAME = "$(TARGET_NAME)";
				WRAPPER_EXTENSION = app;
			};
			name = Debug;
		};
		2B15BF98146127A100DC46CD /* Release */ = {
			isa = XCBuildConfiguration;
			buildSettings = {
				GCC_PRECOMPILE_PREFIX_HEADER = YES;
				GCC_PREFIX_HEADER = "fb2kmac/fb2kmac-Prefix.pch";
				HEADER_SEARCH_PATHS = (
					"\"$(SRCROOT)/deps/twui/lib/UIKit/\"",
					"\"$(SRCROOT)/deps/twui/lib/Support/\"",
					"\"$(SRCROOT)/deps/cocoalumberjack/Lumberjack/\"",
					"$(inherited)",
					"\"$(SRCROOT)/deps/rebel/Rebel/\"",
				);
				INFOPLIST_FILE = "fb2kmac/fb2kmac-Info.plist";
				LD_RUNPATH_SEARCH_PATHS = "@loader_path/../Frameworks/";
				LIBRARY_SEARCH_PATHS = (
					"$(inherited)",
					"\"$(SRCROOT)/prefix/lib\"",
				);
				PRODUCT_NAME = "$(TARGET_NAME)";
				WRAPPER_EXTENSION = app;
			};
			name = Release;
		};
		2B80D44A16920167000F3392 /* Debug */ = {
			isa = XCBuildConfiguration;
			buildSettings = {
				CLANG_CXX_LANGUAGE_STANDARD = "gnu++0x";
				CLANG_WARN__DUPLICATE_METHOD_MATCH = YES;
				COMBINE_HIDPI_IMAGES = YES;
				GCC_PRECOMPILE_PREFIX_HEADER = YES;
				GCC_PREFIX_HEADER = "fb2kmac/decoders/mp3/fb2kmac-decoder-mp3-Prefix.pch";
				GCC_WARN_UNINITIALIZED_AUTOS = YES;
				INFOPLIST_FILE = "fb2kmac/decoders/mp3/fb2kmac-decoder-mp3-Info.plist";
				INSTALL_PATH = "$(LOCAL_LIBRARY_DIR)/Bundles";
				LD_RUNPATH_SEARCH_PATHS = "@loader_path/../Frameworks/";
				LIBRARY_SEARCH_PATHS = (
					"$(inherited)",
					"\"$(SRCROOT)/prefix/lib\"",
				);
				MACOSX_DEPLOYMENT_TARGET = 10.8;
				PRODUCT_NAME = "$(TARGET_NAME)";
				WRAPPER_EXTENSION = bundle;
			};
			name = Debug;
		};
		2B80D44B16920167000F3392 /* Release */ = {
			isa = XCBuildConfiguration;
			buildSettings = {
				CLANG_CXX_LANGUAGE_STANDARD = "gnu++0x";
				CLANG_WARN__DUPLICATE_METHOD_MATCH = YES;
				COMBINE_HIDPI_IMAGES = YES;
				GCC_PRECOMPILE_PREFIX_HEADER = YES;
				GCC_PREFIX_HEADER = "fb2kmac/decoders/mp3/fb2kmac-decoder-mp3-Prefix.pch";
				GCC_WARN_UNINITIALIZED_AUTOS = YES;
				INFOPLIST_FILE = "fb2kmac/decoders/mp3/fb2kmac-decoder-mp3-Info.plist";
				INSTALL_PATH = "$(LOCAL_LIBRARY_DIR)/Bundles";
				LD_RUNPATH_SEARCH_PATHS = "@loader_path/../Frameworks/";
				LIBRARY_SEARCH_PATHS = (
					"$(inherited)",
					"\"$(SRCROOT)/prefix/lib\"",
				);
				MACOSX_DEPLOYMENT_TARGET = 10.8;
				PRODUCT_NAME = "$(TARGET_NAME)";
				WRAPPER_EXTENSION = bundle;
			};
			name = Release;
		};
		2BB25CD216973CCD00243B27 /* Debug */ = {
			isa = XCBuildConfiguration;
			buildSettings = {
				CLANG_CXX_LANGUAGE_STANDARD = "gnu++0x";
				CLANG_WARN__DUPLICATE_METHOD_MATCH = YES;
				COMBINE_HIDPI_IMAGES = YES;
				GCC_PRECOMPILE_PREFIX_HEADER = YES;
				GCC_PREFIX_HEADER = "fb2kmac/decoders/mp3/fb2kmac-decoder-mp3-Prefix.pch";
				GCC_WARN_UNINITIALIZED_AUTOS = YES;
				INFOPLIST_FILE = "fb2kmac/decoders/flac/fb2kmac-decoder-flac-Info.plist";
				INSTALL_PATH = "$(LOCAL_LIBRARY_DIR)/Bundles";
				LD_RUNPATH_SEARCH_PATHS = "@loader_path/../Frameworks/";
				LIBRARY_SEARCH_PATHS = (
					"$(inherited)",
					"\"$(SRCROOT)/prefix/lib\"",
				);
				MACOSX_DEPLOYMENT_TARGET = 10.8;
				PRODUCT_NAME = "fb2kmac-decoder-flac";
				WRAPPER_EXTENSION = bundle;
			};
			name = Debug;
		};
		2BB25CD316973CCD00243B27 /* Release */ = {
			isa = XCBuildConfiguration;
			buildSettings = {
				CLANG_CXX_LANGUAGE_STANDARD = "gnu++0x";
				CLANG_WARN__DUPLICATE_METHOD_MATCH = YES;
				COMBINE_HIDPI_IMAGES = YES;
				GCC_PRECOMPILE_PREFIX_HEADER = YES;
				GCC_PREFIX_HEADER = "fb2kmac/decoders/mp3/fb2kmac-decoder-mp3-Prefix.pch";
				GCC_WARN_UNINITIALIZED_AUTOS = YES;
				INFOPLIST_FILE = "fb2kmac/decoders/flac/fb2kmac-decoder-flac-Info.plist";
				INSTALL_PATH = "$(LOCAL_LIBRARY_DIR)/Bundles";
				LD_RUNPATH_SEARCH_PATHS = "@loader_path/../Frameworks/";
				LIBRARY_SEARCH_PATHS = (
					"$(inherited)",
					"\"$(SRCROOT)/prefix/lib\"",
				);
				MACOSX_DEPLOYMENT_TARGET = 10.8;
				PRODUCT_NAME = "fb2kmac-decoder-flac";
				WRAPPER_EXTENSION = bundle;
			};
			name = Release;
		};
		2BB25CF71697432300243B27 /* Debug */ = {
			isa = XCBuildConfiguration;
			buildSettings = {
				CLANG_CXX_LANGUAGE_STANDARD = "gnu++0x";
				CLANG_WARN__DUPLICATE_METHOD_MATCH = YES;
				COMBINE_HIDPI_IMAGES = YES;
				GCC_PRECOMPILE_PREFIX_HEADER = YES;
				GCC_PREFIX_HEADER = "fb2kmac/decoders/mp3/fb2kmac-decoder-mp3-Prefix.pch";
				GCC_WARN_UNINITIALIZED_AUTOS = YES;
				INFOPLIST_FILE = "fb2kmac/decoders/vorbis/fb2kmac-decoder-vorbis-Info.plist";
				INSTALL_PATH = "$(LOCAL_LIBRARY_DIR)/Bundles";
				LD_RUNPATH_SEARCH_PATHS = "@loader_path/../Frameworks/";
				LIBRARY_SEARCH_PATHS = (
					"$(inherited)",
					"\"$(SRCROOT)/prefix/lib\"",
				);
				MACOSX_DEPLOYMENT_TARGET = 10.8;
				PRODUCT_NAME = "fb2kmac-decoder-vorbis";
				WRAPPER_EXTENSION = bundle;
			};
			name = Debug;
		};
		2BB25CF81697432300243B27 /* Release */ = {
			isa = XCBuildConfiguration;
			buildSettings = {
				CLANG_CXX_LANGUAGE_STANDARD = "gnu++0x";
				CLANG_WARN__DUPLICATE_METHOD_MATCH = YES;
				COMBINE_HIDPI_IMAGES = YES;
				GCC_PRECOMPILE_PREFIX_HEADER = YES;
				GCC_PREFIX_HEADER = "fb2kmac/decoders/mp3/fb2kmac-decoder-mp3-Prefix.pch";
				GCC_WARN_UNINITIALIZED_AUTOS = YES;
				INFOPLIST_FILE = "fb2kmac/decoders/vorbis/fb2kmac-decoder-vorbis-Info.plist";
				INSTALL_PATH = "$(LOCAL_LIBRARY_DIR)/Bundles";
				LD_RUNPATH_SEARCH_PATHS = "@loader_path/../Frameworks/";
				LIBRARY_SEARCH_PATHS = (
					"$(inherited)",
					"\"$(SRCROOT)/prefix/lib\"",
				);
				MACOSX_DEPLOYMENT_TARGET = 10.8;
				PRODUCT_NAME = "fb2kmac-decoder-vorbis";
				WRAPPER_EXTENSION = bundle;
			};
			name = Release;
		};
/* End XCBuildConfiguration section */

/* Begin XCConfigurationList section */
		2B15BF5E146127A100DC46CD /* Build configuration list for PBXProject "fb2kmac" */ = {
			isa = XCConfigurationList;
			buildConfigurations = (
				2B15BF94146127A100DC46CD /* Debug */,
				2B15BF95146127A100DC46CD /* Release */,
			);
			defaultConfigurationIsVisible = 0;
			defaultConfigurationName = Release;
		};
		2B15BF96146127A100DC46CD /* Build configuration list for PBXNativeTarget "fb2kmac" */ = {
			isa = XCConfigurationList;
			buildConfigurations = (
				2B15BF97146127A100DC46CD /* Debug */,
				2B15BF98146127A100DC46CD /* Release */,
			);
			defaultConfigurationIsVisible = 0;
			defaultConfigurationName = Release;
		};
		2B80D44916920167000F3392 /* Build configuration list for PBXNativeTarget "fb2kmac-decoder-mp3" */ = {
			isa = XCConfigurationList;
			buildConfigurations = (
				2B80D44A16920167000F3392 /* Debug */,
				2B80D44B16920167000F3392 /* Release */,
			);
			defaultConfigurationIsVisible = 0;
			defaultConfigurationName = Release;
		};
		2BB25CD116973CCD00243B27 /* Build configuration list for PBXNativeTarget "fb2kmac-decoder-flac" */ = {
			isa = XCConfigurationList;
			buildConfigurations = (
				2BB25CD216973CCD00243B27 /* Debug */,
				2BB25CD316973CCD00243B27 /* Release */,
			);
			defaultConfigurationIsVisible = 0;
			defaultConfigurationName = Release;
		};
		2BB25CF61697432300243B27 /* Build configuration list for PBXNativeTarget "fb2kmac-decoder-vorbis" */ = {
			isa = XCConfigurationList;
			buildConfigurations = (
				2BB25CF71697432300243B27 /* Debug */,
				2BB25CF81697432300243B27 /* Release */,
			);
			defaultConfigurationIsVisible = 0;
			defaultConfigurationName = Release;
		};
/* End XCConfigurationList section */
	};
	rootObject = 2B15BF5B146127A100DC46CD /* Project object */;
}
